# This file is automatically @generated by Poetry 1.8.5 and should not be changed by hand.

[[package]]
name = "chardet"
version = "5.2.0"
description = "Universal encoding detector for Python 3"
optional = false
python-versions = ">=3.7"
files = [
    {file = "chardet-5.2.0-py3-none-any.whl", hash = "sha256:e1cf59446890a00105fe7b7912492ea04b6e6f06d4b742b2c788469e34c82970"},
    {file = "chardet-5.2.0.tar.gz", hash = "sha256:1b3b6ff479a8c414bc3fa2c0852995695c4a026dcd6d0633b2dd092ca39c1cf7"},
]

[[package]]
name = "colorama"
version = "0.4.6"
description = "Cross-platform colored terminal text."
optional = false
python-versions = "!=3.0.*,!=3.1.*,!=3.2.*,!=3.3.*,!=3.4.*,!=3.5.*,!=3.6.*,>=2.7"
files = [
    {file = "colorama-0.4.6-py2.py3-none-any.whl", hash = "sha256:4f1d9991f5acc0ca119f9d443620b77f9d6b33703e51011c16baf57afb285fc6"},
    {file = "colorama-0.4.6.tar.gz", hash = "sha256:08695f5cb7ed6e0531a20572697297273c47b8cae5a63ffc6d6ed5c201be6e44"},
]

[[package]]
name = "coverage"
version = "7.6.10"
description = "Code coverage measurement for Python"
optional = false
python-versions = ">=3.9"
files = [
    {file = "coverage-7.6.10-cp310-cp310-macosx_10_9_x86_64.whl", hash = "sha256:5c912978f7fbf47ef99cec50c4401340436d200d41d714c7a4766f377c5b7b78"},
    {file = "coverage-7.6.10-cp310-cp310-macosx_11_0_arm64.whl", hash = "sha256:a01ec4af7dfeb96ff0078ad9a48810bb0cc8abcb0115180c6013a6b26237626c"},
    {file = "coverage-7.6.10-cp310-cp310-manylinux_2_17_aarch64.manylinux2014_aarch64.whl", hash = "sha256:a3b204c11e2b2d883946fe1d97f89403aa1811df28ce0447439178cc7463448a"},
    {file = "coverage-7.6.10-cp310-cp310-manylinux_2_5_i686.manylinux1_i686.manylinux_2_17_i686.manylinux2014_i686.whl", hash = "sha256:32ee6d8491fcfc82652a37109f69dee9a830e9379166cb73c16d8dc5c2915165"},
    {file = "coverage-7.6.10-cp310-cp310-manylinux_2_5_x86_64.manylinux1_x86_64.manylinux_2_17_x86_64.manylinux2014_x86_64.whl", hash = "sha256:675cefc4c06e3b4c876b85bfb7c59c5e2218167bbd4da5075cbe3b5790a28988"},
    {file = "coverage-7.6.10-cp310-cp310-musllinux_1_2_aarch64.whl", hash = "sha256:f4f620668dbc6f5e909a0946a877310fb3d57aea8198bde792aae369ee1c23b5"},
    {file = "coverage-7.6.10-cp310-cp310-musllinux_1_2_i686.whl", hash = "sha256:4eea95ef275de7abaef630c9b2c002ffbc01918b726a39f5a4353916ec72d2f3"},
    {file = "coverage-7.6.10-cp310-cp310-musllinux_1_2_x86_64.whl", hash = "sha256:e2f0280519e42b0a17550072861e0bc8a80a0870de260f9796157d3fca2733c5"},
    {file = "coverage-7.6.10-cp310-cp310-win32.whl", hash = "sha256:bc67deb76bc3717f22e765ab3e07ee9c7a5e26b9019ca19a3b063d9f4b874244"},
    {file = "coverage-7.6.10-cp310-cp310-win_amd64.whl", hash = "sha256:0f460286cb94036455e703c66988851d970fdfd8acc2a1122ab7f4f904e4029e"},
    {file = "coverage-7.6.10-cp311-cp311-macosx_10_9_x86_64.whl", hash = "sha256:ea3c8f04b3e4af80e17bab607c386a830ffc2fb88a5484e1df756478cf70d1d3"},
    {file = "coverage-7.6.10-cp311-cp311-macosx_11_0_arm64.whl", hash = "sha256:507a20fc863cae1d5720797761b42d2d87a04b3e5aeb682ef3b7332e90598f43"},
    {file = "coverage-7.6.10-cp311-cp311-manylinux_2_17_aarch64.manylinux2014_aarch64.whl", hash = "sha256:d37a84878285b903c0fe21ac8794c6dab58150e9359f1aaebbeddd6412d53132"},
    {file = "coverage-7.6.10-cp311-cp311-manylinux_2_5_i686.manylinux1_i686.manylinux_2_17_i686.manylinux2014_i686.whl", hash = "sha256:a534738b47b0de1995f85f582d983d94031dffb48ab86c95bdf88dc62212142f"},
    {file = "coverage-7.6.10-cp311-cp311-manylinux_2_5_x86_64.manylinux1_x86_64.manylinux_2_17_x86_64.manylinux2014_x86_64.whl", hash = "sha256:0d7a2bf79378d8fb8afaa994f91bfd8215134f8631d27eba3e0e2c13546ce994"},
    {file = "coverage-7.6.10-cp311-cp311-musllinux_1_2_aarch64.whl", hash = "sha256:6713ba4b4ebc330f3def51df1d5d38fad60b66720948112f114968feb52d3f99"},
    {file = "coverage-7.6.10-cp311-cp311-musllinux_1_2_i686.whl", hash = "sha256:ab32947f481f7e8c763fa2c92fd9f44eeb143e7610c4ca9ecd6a36adab4081bd"},
    {file = "coverage-7.6.10-cp311-cp311-musllinux_1_2_x86_64.whl", hash = "sha256:7bbd8c8f1b115b892e34ba66a097b915d3871db7ce0e6b9901f462ff3a975377"},
    {file = "coverage-7.6.10-cp311-cp311-win32.whl", hash = "sha256:299e91b274c5c9cdb64cbdf1b3e4a8fe538a7a86acdd08fae52301b28ba297f8"},
    {file = "coverage-7.6.10-cp311-cp311-win_amd64.whl", hash = "sha256:489a01f94aa581dbd961f306e37d75d4ba16104bbfa2b0edb21d29b73be83609"},
    {file = "coverage-7.6.10-cp312-cp312-macosx_10_13_x86_64.whl", hash = "sha256:27c6e64726b307782fa5cbe531e7647aee385a29b2107cd87ba7c0105a5d3853"},
    {file = "coverage-7.6.10-cp312-cp312-macosx_11_0_arm64.whl", hash = "sha256:c56e097019e72c373bae32d946ecf9858fda841e48d82df7e81c63ac25554078"},
    {file = "coverage-7.6.10-cp312-cp312-manylinux_2_17_aarch64.manylinux2014_aarch64.whl", hash = "sha256:c7827a5bc7bdb197b9e066cdf650b2887597ad124dd99777332776f7b7c7d0d0"},
    {file = "coverage-7.6.10-cp312-cp312-manylinux_2_5_i686.manylinux1_i686.manylinux_2_17_i686.manylinux2014_i686.whl", hash = "sha256:204a8238afe787323a8b47d8be4df89772d5c1e4651b9ffa808552bdf20e1d50"},
    {file = "coverage-7.6.10-cp312-cp312-manylinux_2_5_x86_64.manylinux1_x86_64.manylinux_2_17_x86_64.manylinux2014_x86_64.whl", hash = "sha256:e67926f51821b8e9deb6426ff3164870976fe414d033ad90ea75e7ed0c2e5022"},
    {file = "coverage-7.6.10-cp312-cp312-musllinux_1_2_aarch64.whl", hash = "sha256:e78b270eadb5702938c3dbe9367f878249b5ef9a2fcc5360ac7bff694310d17b"},
    {file = "coverage-7.6.10-cp312-cp312-musllinux_1_2_i686.whl", hash = "sha256:714f942b9c15c3a7a5fe6876ce30af831c2ad4ce902410b7466b662358c852c0"},
    {file = "coverage-7.6.10-cp312-cp312-musllinux_1_2_x86_64.whl", hash = "sha256:abb02e2f5a3187b2ac4cd46b8ced85a0858230b577ccb2c62c81482ca7d18852"},
    {file = "coverage-7.6.10-cp312-cp312-win32.whl", hash = "sha256:55b201b97286cf61f5e76063f9e2a1d8d2972fc2fcfd2c1272530172fd28c359"},
    {file = "coverage-7.6.10-cp312-cp312-win_amd64.whl", hash = "sha256:e4ae5ac5e0d1e4edfc9b4b57b4cbecd5bc266a6915c500f358817a8496739247"},
    {file = "coverage-7.6.10-cp313-cp313-macosx_10_13_x86_64.whl", hash = "sha256:05fca8ba6a87aabdd2d30d0b6c838b50510b56cdcfc604d40760dae7153b73d9"},
    {file = "coverage-7.6.10-cp313-cp313-macosx_11_0_arm64.whl", hash = "sha256:9e80eba8801c386f72e0712a0453431259c45c3249f0009aff537a517b52942b"},
    {file = "coverage-7.6.10-cp313-cp313-manylinux_2_17_aarch64.manylinux2014_aarch64.whl", hash = "sha256:a372c89c939d57abe09e08c0578c1d212e7a678135d53aa16eec4430adc5e690"},
    {file = "coverage-7.6.10-cp313-cp313-manylinux_2_5_i686.manylinux1_i686.manylinux_2_17_i686.manylinux2014_i686.whl", hash = "sha256:ec22b5e7fe7a0fa8509181c4aac1db48f3dd4d3a566131b313d1efc102892c18"},
    {file = "coverage-7.6.10-cp313-cp313-manylinux_2_5_x86_64.manylinux1_x86_64.manylinux_2_17_x86_64.manylinux2014_x86_64.whl", hash = "sha256:26bcf5c4df41cad1b19c84af71c22cbc9ea9a547fc973f1f2cc9a290002c8b3c"},
    {file = "coverage-7.6.10-cp313-cp313-musllinux_1_2_aarch64.whl", hash = "sha256:4e4630c26b6084c9b3cb53b15bd488f30ceb50b73c35c5ad7871b869cb7365fd"},
    {file = "coverage-7.6.10-cp313-cp313-musllinux_1_2_i686.whl", hash = "sha256:2396e8116db77789f819d2bc8a7e200232b7a282c66e0ae2d2cd84581a89757e"},
    {file = "coverage-7.6.10-cp313-cp313-musllinux_1_2_x86_64.whl", hash = "sha256:79109c70cc0882e4d2d002fe69a24aa504dec0cc17169b3c7f41a1d341a73694"},
    {file = "coverage-7.6.10-cp313-cp313-win32.whl", hash = "sha256:9e1747bab246d6ff2c4f28b4d186b205adced9f7bd9dc362051cc37c4a0c7bd6"},
    {file = "coverage-7.6.10-cp313-cp313-win_amd64.whl", hash = "sha256:254f1a3b1eef5f7ed23ef265eaa89c65c8c5b6b257327c149db1ca9d4a35f25e"},
    {file = "coverage-7.6.10-cp313-cp313t-macosx_10_13_x86_64.whl", hash = "sha256:2ccf240eb719789cedbb9fd1338055de2761088202a9a0b73032857e53f612fe"},
    {file = "coverage-7.6.10-cp313-cp313t-macosx_11_0_arm64.whl", hash = "sha256:0c807ca74d5a5e64427c8805de15b9ca140bba13572d6d74e262f46f50b13273"},
    {file = "coverage-7.6.10-cp313-cp313t-manylinux_2_17_aarch64.manylinux2014_aarch64.whl", hash = "sha256:2bcfa46d7709b5a7ffe089075799b902020b62e7ee56ebaed2f4bdac04c508d8"},
    {file = "coverage-7.6.10-cp313-cp313t-manylinux_2_5_i686.manylinux1_i686.manylinux_2_17_i686.manylinux2014_i686.whl", hash = "sha256:4e0de1e902669dccbf80b0415fb6b43d27edca2fbd48c74da378923b05316098"},
    {file = "coverage-7.6.10-cp313-cp313t-manylinux_2_5_x86_64.manylinux1_x86_64.manylinux_2_17_x86_64.manylinux2014_x86_64.whl", hash = "sha256:3f7b444c42bbc533aaae6b5a2166fd1a797cdb5eb58ee51a92bee1eb94a1e1cb"},
    {file = "coverage-7.6.10-cp313-cp313t-musllinux_1_2_aarch64.whl", hash = "sha256:b330368cb99ef72fcd2dc3ed260adf67b31499584dc8a20225e85bfe6f6cfed0"},
    {file = "coverage-7.6.10-cp313-cp313t-musllinux_1_2_i686.whl", hash = "sha256:9a7cfb50515f87f7ed30bc882f68812fd98bc2852957df69f3003d22a2aa0abf"},
    {file = "coverage-7.6.10-cp313-cp313t-musllinux_1_2_x86_64.whl", hash = "sha256:6f93531882a5f68c28090f901b1d135de61b56331bba82028489bc51bdd818d2"},
    {file = "coverage-7.6.10-cp313-cp313t-win32.whl", hash = "sha256:89d76815a26197c858f53c7f6a656686ec392b25991f9e409bcef020cd532312"},
    {file = "coverage-7.6.10-cp313-cp313t-win_amd64.whl", hash = "sha256:54a5f0f43950a36312155dae55c505a76cd7f2b12d26abeebbe7a0b36dbc868d"},
    {file = "coverage-7.6.10-cp39-cp39-macosx_10_9_x86_64.whl", hash = "sha256:656c82b8a0ead8bba147de9a89bda95064874c91a3ed43a00e687f23cc19d53a"},
    {file = "coverage-7.6.10-cp39-cp39-macosx_11_0_arm64.whl", hash = "sha256:ccc2b70a7ed475c68ceb548bf69cec1e27305c1c2606a5eb7c3afff56a1b3b27"},
    {file = "coverage-7.6.10-cp39-cp39-manylinux_2_17_aarch64.manylinux2014_aarch64.whl", hash = "sha256:a5e37dc41d57ceba70956fa2fc5b63c26dba863c946ace9705f8eca99daecdc4"},
    {file = "coverage-7.6.10-cp39-cp39-manylinux_2_5_i686.manylinux1_i686.manylinux_2_17_i686.manylinux2014_i686.whl", hash = "sha256:0aa9692b4fdd83a4647eeb7db46410ea1322b5ed94cd1715ef09d1d5922ba87f"},
    {file = "coverage-7.6.10-cp39-cp39-manylinux_2_5_x86_64.manylinux1_x86_64.manylinux_2_17_x86_64.manylinux2014_x86_64.whl", hash = "sha256:aa744da1820678b475e4ba3dfd994c321c5b13381d1041fe9c608620e6676e25"},
    {file = "coverage-7.6.10-cp39-cp39-musllinux_1_2_aarch64.whl", hash = "sha256:c0b1818063dc9e9d838c09e3a473c1422f517889436dd980f5d721899e66f315"},
    {file = "coverage-7.6.10-cp39-cp39-musllinux_1_2_i686.whl", hash = "sha256:59af35558ba08b758aec4d56182b222976330ef8d2feacbb93964f576a7e7a90"},
    {file = "coverage-7.6.10-cp39-cp39-musllinux_1_2_x86_64.whl", hash = "sha256:7ed2f37cfce1ce101e6dffdfd1c99e729dd2ffc291d02d3e2d0af8b53d13840d"},
    {file = "coverage-7.6.10-cp39-cp39-win32.whl", hash = "sha256:4bcc276261505d82f0ad426870c3b12cb177752834a633e737ec5ee79bbdff18"},
    {file = "coverage-7.6.10-cp39-cp39-win_amd64.whl", hash = "sha256:457574f4599d2b00f7f637a0700a6422243b3565509457b2dbd3f50703e11f59"},
    {file = "coverage-7.6.10-pp39.pp310-none-any.whl", hash = "sha256:fd34e7b3405f0cc7ab03d54a334c17a9e802897580d964bd8c2001f4b9fd488f"},
    {file = "coverage-7.6.10.tar.gz", hash = "sha256:7fb105327c8f8f0682e29843e2ff96af9dcbe5bab8eeb4b398c6a33a16d80a23"},
]

[package.extras]
toml = ["tomli"]

[[package]]
name = "iniconfig"
version = "2.0.0"
description = "brain-dead simple config-ini parsing"
optional = false
python-versions = ">=3.7"
files = [
    {file = "iniconfig-2.0.0-py3-none-any.whl", hash = "sha256:b6a85871a79d2e3b22d2d1b94ac2824226a63c6b741c88f7ae975f18b6778374"},
    {file = "iniconfig-2.0.0.tar.gz", hash = "sha256:2d91e135bf72d31a410b17c16da610a82cb55f6b0477d1a902134b24a455b8b3"},
]

[[package]]
name = "mypy"
version = "1.14.1"
description = "Optional static typing for Python"
optional = false
python-versions = ">=3.8"
files = [
    {file = "mypy-1.14.1-cp310-cp310-macosx_10_9_x86_64.whl", hash = "sha256:52686e37cf13d559f668aa398dd7ddf1f92c5d613e4f8cb262be2fb4fedb0fcb"},
    {file = "mypy-1.14.1-cp310-cp310-macosx_11_0_arm64.whl", hash = "sha256:1fb545ca340537d4b45d3eecdb3def05e913299ca72c290326be19b3804b39c0"},
    {file = "mypy-1.14.1-cp310-cp310-manylinux_2_17_aarch64.manylinux2014_aarch64.manylinux_2_28_aarch64.whl", hash = "sha256:90716d8b2d1f4cd503309788e51366f07c56635a3309b0f6a32547eaaa36a64d"},
    {file = "mypy-1.14.1-cp310-cp310-manylinux_2_17_x86_64.manylinux2014_x86_64.manylinux_2_28_x86_64.whl", hash = "sha256:2ae753f5c9fef278bcf12e1a564351764f2a6da579d4a81347e1d5a15819997b"},
    {file = "mypy-1.14.1-cp310-cp310-musllinux_1_2_x86_64.whl", hash = "sha256:e0fe0f5feaafcb04505bcf439e991c6d8f1bf8b15f12b05feeed96e9e7bf1427"},
    {file = "mypy-1.14.1-cp310-cp310-win_amd64.whl", hash = "sha256:7d54bd85b925e501c555a3227f3ec0cfc54ee8b6930bd6141ec872d1c572f81f"},
    {file = "mypy-1.14.1-cp311-cp311-macosx_10_9_x86_64.whl", hash = "sha256:f995e511de847791c3b11ed90084a7a0aafdc074ab88c5a9711622fe4751138c"},
    {file = "mypy-1.14.1-cp311-cp311-macosx_11_0_arm64.whl", hash = "sha256:d64169ec3b8461311f8ce2fd2eb5d33e2d0f2c7b49116259c51d0d96edee48d1"},
    {file = "mypy-1.14.1-cp311-cp311-manylinux_2_17_aarch64.manylinux2014_aarch64.manylinux_2_28_aarch64.whl", hash = "sha256:ba24549de7b89b6381b91fbc068d798192b1b5201987070319889e93038967a8"},
    {file = "mypy-1.14.1-cp311-cp311-manylinux_2_17_x86_64.manylinux2014_x86_64.manylinux_2_28_x86_64.whl", hash = "sha256:183cf0a45457d28ff9d758730cd0210419ac27d4d3f285beda038c9083363b1f"},
    {file = "mypy-1.14.1-cp311-cp311-musllinux_1_2_x86_64.whl", hash = "sha256:f2a0ecc86378f45347f586e4163d1769dd81c5a223d577fe351f26b179e148b1"},
    {file = "mypy-1.14.1-cp311-cp311-win_amd64.whl", hash = "sha256:ad3301ebebec9e8ee7135d8e3109ca76c23752bac1e717bc84cd3836b4bf3eae"},
    {file = "mypy-1.14.1-cp312-cp312-macosx_10_13_x86_64.whl", hash = "sha256:30ff5ef8519bbc2e18b3b54521ec319513a26f1bba19a7582e7b1f58a6e69f14"},
    {file = "mypy-1.14.1-cp312-cp312-macosx_11_0_arm64.whl", hash = "sha256:cb9f255c18052343c70234907e2e532bc7e55a62565d64536dbc7706a20b78b9"},
    {file = "mypy-1.14.1-cp312-cp312-manylinux_2_17_aarch64.manylinux2014_aarch64.manylinux_2_28_aarch64.whl", hash = "sha256:8b4e3413e0bddea671012b063e27591b953d653209e7a4fa5e48759cda77ca11"},
    {file = "mypy-1.14.1-cp312-cp312-manylinux_2_17_x86_64.manylinux2014_x86_64.manylinux_2_28_x86_64.whl", hash = "sha256:553c293b1fbdebb6c3c4030589dab9fafb6dfa768995a453d8a5d3b23784af2e"},
    {file = "mypy-1.14.1-cp312-cp312-musllinux_1_2_x86_64.whl", hash = "sha256:fad79bfe3b65fe6a1efaed97b445c3d37f7be9fdc348bdb2d7cac75579607c89"},
    {file = "mypy-1.14.1-cp312-cp312-win_amd64.whl", hash = "sha256:8fa2220e54d2946e94ab6dbb3ba0a992795bd68b16dc852db33028df2b00191b"},
    {file = "mypy-1.14.1-cp313-cp313-macosx_10_13_x86_64.whl", hash = "sha256:92c3ed5afb06c3a8e188cb5da4984cab9ec9a77ba956ee419c68a388b4595255"},
    {file = "mypy-1.14.1-cp313-cp313-macosx_11_0_arm64.whl", hash = "sha256:dbec574648b3e25f43d23577309b16534431db4ddc09fda50841f1e34e64ed34"},
    {file = "mypy-1.14.1-cp313-cp313-manylinux_2_17_aarch64.manylinux2014_aarch64.manylinux_2_28_aarch64.whl", hash = "sha256:8c6d94b16d62eb3e947281aa7347d78236688e21081f11de976376cf010eb31a"},
    {file = "mypy-1.14.1-cp313-cp313-manylinux_2_17_x86_64.manylinux2014_x86_64.manylinux_2_28_x86_64.whl", hash = "sha256:d4b19b03fdf54f3c5b2fa474c56b4c13c9dbfb9a2db4370ede7ec11a2c5927d9"},
    {file = "mypy-1.14.1-cp313-cp313-musllinux_1_2_x86_64.whl", hash = "sha256:0c911fde686394753fff899c409fd4e16e9b294c24bfd5e1ea4675deae1ac6fd"},
    {file = "mypy-1.14.1-cp313-cp313-win_amd64.whl", hash = "sha256:8b21525cb51671219f5307be85f7e646a153e5acc656e5cebf64bfa076c50107"},
    {file = "mypy-1.14.1-cp38-cp38-macosx_10_9_x86_64.whl", hash = "sha256:7084fb8f1128c76cd9cf68fe5971b37072598e7c31b2f9f95586b65c741a9d31"},
    {file = "mypy-1.14.1-cp38-cp38-macosx_11_0_arm64.whl", hash = "sha256:8f845a00b4f420f693f870eaee5f3e2692fa84cc8514496114649cfa8fd5e2c6"},
    {file = "mypy-1.14.1-cp38-cp38-manylinux_2_17_aarch64.manylinux2014_aarch64.manylinux_2_28_aarch64.whl", hash = "sha256:44bf464499f0e3a2d14d58b54674dee25c031703b2ffc35064bd0df2e0fac319"},
    {file = "mypy-1.14.1-cp38-cp38-manylinux_2_17_x86_64.manylinux2014_x86_64.manylinux_2_28_x86_64.whl", hash = "sha256:c99f27732c0b7dc847adb21c9d47ce57eb48fa33a17bc6d7d5c5e9f9e7ae5bac"},
    {file = "mypy-1.14.1-cp38-cp38-musllinux_1_2_x86_64.whl", hash = "sha256:bce23c7377b43602baa0bd22ea3265c49b9ff0b76eb315d6c34721af4cdf1d9b"},
    {file = "mypy-1.14.1-cp38-cp38-win_amd64.whl", hash = "sha256:8edc07eeade7ebc771ff9cf6b211b9a7d93687ff892150cb5692e4f4272b0837"},
    {file = "mypy-1.14.1-cp39-cp39-macosx_10_9_x86_64.whl", hash = "sha256:3888a1816d69f7ab92092f785a462944b3ca16d7c470d564165fe703b0970c35"},
    {file = "mypy-1.14.1-cp39-cp39-macosx_11_0_arm64.whl", hash = "sha256:46c756a444117c43ee984bd055db99e498bc613a70bbbc120272bd13ca579fbc"},
    {file = "mypy-1.14.1-cp39-cp39-manylinux_2_17_aarch64.manylinux2014_aarch64.manylinux_2_28_aarch64.whl", hash = "sha256:27fc248022907e72abfd8e22ab1f10e903915ff69961174784a3900a8cba9ad9"},
    {file = "mypy-1.14.1-cp39-cp39-manylinux_2_17_x86_64.manylinux2014_x86_64.manylinux_2_28_x86_64.whl", hash = "sha256:499d6a72fb7e5de92218db961f1a66d5f11783f9ae549d214617edab5d4dbdbb"},
    {file = "mypy-1.14.1-cp39-cp39-musllinux_1_2_x86_64.whl", hash = "sha256:57961db9795eb566dc1d1b4e9139ebc4c6b0cb6e7254ecde69d1552bf7613f60"},
    {file = "mypy-1.14.1-cp39-cp39-win_amd64.whl", hash = "sha256:07ba89fdcc9451f2ebb02853deb6aaaa3d2239a236669a63ab3801bbf923ef5c"},
    {file = "mypy-1.14.1-py3-none-any.whl", hash = "sha256:b66a60cc4073aeb8ae00057f9c1f64d49e90f918fbcef9a977eb121da8b8f1d1"},
    {file = "mypy-1.14.1.tar.gz", hash = "sha256:7ec88144fe9b510e8475ec2f5f251992690fcf89ccb4500b214b4226abcd32d6"},
]

[package.dependencies]
mypy_extensions = ">=1.0.0"
typing_extensions = ">=4.6.0"

[package.extras]
dmypy = ["psutil (>=4.0)"]
faster-cache = ["orjson"]
install-types = ["pip"]
mypyc = ["setuptools (>=50)"]
reports = ["lxml"]

[[package]]
name = "mypy-extensions"
version = "1.0.0"
description = "Type system extensions for programs checked with the mypy type checker."
optional = false
python-versions = ">=3.5"
files = [
    {file = "mypy_extensions-1.0.0-py3-none-any.whl", hash = "sha256:4392f6c0eb8a5668a69e23d168ffa70f0be9ccfd32b5cc2d26a34ae5b844552d"},
    {file = "mypy_extensions-1.0.0.tar.gz", hash = "sha256:75dbf8955dc00442a438fc4d0666508a9a97b6bd41aa2f0ffe9d2f2725af0782"},
]

[[package]]
name = "packaging"
version = "24.2"
description = "Core utilities for Python packages"
optional = false
python-versions = ">=3.8"
files = [
    {file = "packaging-24.2-py3-none-any.whl", hash = "sha256:09abb1bccd265c01f4a3aa3f7a7db064b36514d2cba19a2f694fe6150451a759"},
    {file = "packaging-24.2.tar.gz", hash = "sha256:c228a6dc5e932d346bc5739379109d49e8853dd8223571c7c5b55260edc0b97f"},
]

[[package]]
name = "pluggy"
version = "1.5.0"
description = "plugin and hook calling mechanisms for python"
optional = false
python-versions = ">=3.8"
files = [
    {file = "pluggy-1.5.0-py3-none-any.whl", hash = "sha256:44e1ad92c8ca002de6377e165f3e0f1be63266ab4d554740532335b9d75ea669"},
    {file = "pluggy-1.5.0.tar.gz", hash = "sha256:2cffa88e94fdc978c4c574f15f9e59b7f4201d439195c3715ca9e2486f1d0cf1"},
]

[package.extras]
dev = ["pre-commit", "tox"]
testing = ["pytest", "pytest-benchmark"]

[[package]]
name = "pyqt5"
version = "5.15.9"
description = "Python bindings for the Qt cross platform application toolkit"
optional = false
python-versions = ">=3.7"
files = [
    {file = "PyQt5-5.15.9-cp37-abi3-macosx_10_13_x86_64.whl", hash = "sha256:883ba5c8a348be78c8be6a3d3ba014c798e679503bce00d76c666c2dc6afe828"},
    {file = "PyQt5-5.15.9-cp37-abi3-manylinux_2_17_x86_64.whl", hash = "sha256:dd5ce10e79fbf1df29507d2daf99270f2057cdd25e4de6fbf2052b46c652e3a5"},
    {file = "PyQt5-5.15.9-cp37-abi3-win32.whl", hash = "sha256:e45c5cc15d4fd26ab5cb0e5cdba60691a3e9086411f8e3662db07a5a4222a696"},
    {file = "PyQt5-5.15.9-cp37-abi3-win_amd64.whl", hash = "sha256:e030d795df4cbbfcf4f38b18e2e119bcc9e177ef658a5094b87bb16cac0ce4c5"},
    {file = "PyQt5-5.15.9.tar.gz", hash = "sha256:dc41e8401a90dc3e2b692b411bd5492ab559ae27a27424eed4bd3915564ec4c0"},
]

[package.dependencies]
PyQt5-Qt5 = ">=5.15.2"
PyQt5-sip = ">=12.11,<13"

[[package]]
name = "pyqt5-qt5"
version = "5.15.2"
description = "The subset of a Qt installation needed by PyQt5."
optional = false
python-versions = "*"
files = [
    {file = "PyQt5_Qt5-5.15.2-py3-none-macosx_10_13_intel.whl", hash = "sha256:76980cd3d7ae87e3c7a33bfebfaee84448fd650bad6840471d6cae199b56e154"},
    {file = "PyQt5_Qt5-5.15.2-py3-none-manylinux2014_x86_64.whl", hash = "sha256:1988f364ec8caf87a6ee5d5a3a5210d57539988bf8e84714c7d60972692e2f4a"},
    {file = "PyQt5_Qt5-5.15.2-py3-none-win32.whl", hash = "sha256:9cc7a768b1921f4b982ebc00a318ccb38578e44e45316c7a4a850e953e1dd327"},
    {file = "PyQt5_Qt5-5.15.2-py3-none-win_amd64.whl", hash = "sha256:750b78e4dba6bdf1607febedc08738e318ea09e9b10aea9ff0d73073f11f6962"},
]

[[package]]
name = "pyqt5-sip"
version = "12.11.0"
description = "The sip module support for PyQt5"
optional = false
python-versions = ">=3.7"
files = [
    {file = "PyQt5_sip-12.11.0-cp310-cp310-macosx_10_9_universal2.whl", hash = "sha256:f1f9e312ff8284d6dfebc5366f6f7d103f84eec23a4da0be0482403933e68660"},
    {file = "PyQt5_sip-12.11.0-cp310-cp310-manylinux1_x86_64.whl", hash = "sha256:4031547dfb679be309094bfa79254f5badc5ddbe66b9ad38e319d84a7d612443"},
    {file = "PyQt5_sip-12.11.0-cp310-cp310-win32.whl", hash = "sha256:ad21ca0ee8cae2a41b61fc04949dccfab6fe008749627d94e8c7078cb7a73af1"},
    {file = "PyQt5_sip-12.11.0-cp310-cp310-win_amd64.whl", hash = "sha256:3126c84568ab341c12e46ded2230f62a9a78752a70fdab13713f89a71cd44f73"},
    {file = "PyQt5_sip-12.11.0-cp311-cp311-macosx_10_9_universal2.whl", hash = "sha256:bd733667098cac70e89279d9c239106d543fb480def62a44e6366ccb8f68510b"},
    {file = "PyQt5_sip-12.11.0-cp311-cp311-manylinux_2_5_x86_64.manylinux1_x86_64.whl", hash = "sha256:ec1d8ce50be76c5c1d1c86c6dc0ccacc2446172dde98b663a17871f532f9bd44"},
    {file = "PyQt5_sip-12.11.0-cp311-cp311-win32.whl", hash = "sha256:43dfe6dd409e713edeb67019b85419a7a0dc9923bfc451d6cf3778471c122532"},
    {file = "PyQt5_sip-12.11.0-cp311-cp311-win_amd64.whl", hash = "sha256:afa4ffffc54e306669bf2b66ea37abbc56c5cdda4f3f474d20324e3634302b12"},
    {file = "PyQt5_sip-12.11.0-cp37-cp37m-macosx_10_9_x86_64.whl", hash = "sha256:0f77655c62ec91d47c2c99143f248624d44dd2d8a12d016e7c020508ad418aca"},
    {file = "PyQt5_sip-12.11.0-cp37-cp37m-manylinux1_x86_64.whl", hash = "sha256:ec5e9ef78852e1f96f86d7e15c9215878422b83dde36d44f1539a3062942f19c"},
    {file = "PyQt5_sip-12.11.0-cp37-cp37m-win32.whl", hash = "sha256:d12b81c3a08abf7657a2ebc7d3649852a1f327eb2146ebadf45930486d32e920"},
    {file = "PyQt5_sip-12.11.0-cp37-cp37m-win_amd64.whl", hash = "sha256:b69a1911f768b489846335e31e49eb34795c6b5a038ca24d894d751e3b0b44da"},
    {file = "PyQt5_sip-12.11.0-cp38-cp38-macosx_10_9_x86_64.whl", hash = "sha256:51e377789d59196213eddf458e6927f33ba9d217b614d17d20df16c9a8b2c41c"},
    {file = "PyQt5_sip-12.11.0-cp38-cp38-manylinux1_x86_64.whl", hash = "sha256:4e5c1559311515291ea0ab0635529f14536954e3b973a7c7890ab7e4de1c2c23"},
    {file = "PyQt5_sip-12.11.0-cp38-cp38-win32.whl", hash = "sha256:9bca450c5306890cb002fe36bbca18f979dd9e5b810b766dce8e3ce5e66ba795"},
    {file = "PyQt5_sip-12.11.0-cp38-cp38-win_amd64.whl", hash = "sha256:f6b72035da4e8fecbb0bc4a972e30a5674a9ad5608dbddaa517e983782dbf3bf"},
    {file = "PyQt5_sip-12.11.0-cp39-cp39-macosx_10_9_universal2.whl", hash = "sha256:9356260d4feb60dbac0ab66f8a791a0d2cda1bf98c9dec8e575904a045fbf7c5"},
    {file = "PyQt5_sip-12.11.0-cp39-cp39-manylinux1_x86_64.whl", hash = "sha256:205f3e1b3eea3597d8e878936c1a06e04bd23a59e8b179ee806465d72eea3071"},
    {file = "PyQt5_sip-12.11.0-cp39-cp39-win32.whl", hash = "sha256:686071be054e5be6ca5aaaef7960931d4ba917277e839e2e978c7cbe3f43bb6e"},
    {file = "PyQt5_sip-12.11.0-cp39-cp39-win_amd64.whl", hash = "sha256:42320e7a94b1085ed85d49794ed4ccfe86f1cae80b44a894db908a8aba2bc60e"},
    {file = "PyQt5_sip-12.11.0.tar.gz", hash = "sha256:b4710fd85b57edef716cc55fae45bfd5bfac6fc7ba91036f1dcc3f331ca0eb39"},
]

[[package]]
name = "pysequoia"
version = "0.1.25"
description = "Provides OpenPGP facilities using Sequoia-PGP library"
optional = false
python-versions = ">=3.7"
files = [
    {file = "pysequoia-0.1.25-cp310-cp310-manylinux_2_17_aarch64.manylinux2014_aarch64.whl", hash = "sha256:6bef783c4f5540be1c9c382d5dd36c4f8cc8b12387e9a0d055fd776362222689"},
    {file = "pysequoia-0.1.25-cp310-cp310-manylinux_2_17_armv7l.manylinux2014_armv7l.whl", hash = "sha256:7a68365134fd55452cc00108eea82c241d5650dfd860651d93feac195d6cc7f6"},
    {file = "pysequoia-0.1.25-cp310-cp310-manylinux_2_17_ppc64le.manylinux2014_ppc64le.whl", hash = "sha256:5cfd38e0eaaa4128d1ddab652fcdf63541bc04dbda1573b322aef082f8cdaab0"},
    {file = "pysequoia-0.1.25-cp310-cp310-manylinux_2_17_s390x.manylinux2014_s390x.whl", hash = "sha256:bc014c932c8d94284c35ada3712967f6ad3f627ec90aa6df7f6298313ad9fa58"},
    {file = "pysequoia-0.1.25-cp310-cp310-manylinux_2_17_x86_64.manylinux2014_x86_64.whl", hash = "sha256:ec174c6b5517599e3fe88c10a0140b45fa8044f8fe6f0b8972dd3f72a9e43397"},
    {file = "pysequoia-0.1.25-cp310-cp310-manylinux_2_5_i686.manylinux1_i686.whl", hash = "sha256:29519c3cb6871949bfb5813865ada50f2d67ec3e9279395963865e64f62640b2"},
    {file = "pysequoia-0.1.25-cp310-cp310-musllinux_1_2_aarch64.whl", hash = "sha256:38d2d34719ed8bf731fc0911261240016c6484d898140f192ea466dbb47c8ff0"},
    {file = "pysequoia-0.1.25-cp310-cp310-musllinux_1_2_armv7l.whl", hash = "sha256:ad4c82e495c6b33f6dc9f793472f135d797ce81a4918958bbb43663b9eb8d07b"},
    {file = "pysequoia-0.1.25-cp310-cp310-musllinux_1_2_i686.whl", hash = "sha256:b1f1308ff87a62a0b50f1ec8c713140fdcfe10ca0abc93eb4860456e01bffd22"},
    {file = "pysequoia-0.1.25-cp310-cp310-musllinux_1_2_x86_64.whl", hash = "sha256:0f2b594e83215bddb5a9a3b5bf5a459a657739148c4d1a6dc5e126bb4758cc21"},
    {file = "pysequoia-0.1.25-cp310-cp310-win32.whl", hash = "sha256:eee3b86a971d7ca5a5d74cabe9aaddfb5bbbd4ab1ed52c3f319f7146624e317a"},
    {file = "pysequoia-0.1.25-cp310-cp310-win_amd64.whl", hash = "sha256:88d2216cba34b7b203d2ec3eeb968c33d57bc50eadd8e537c319c33d7ee76044"},
    {file = "pysequoia-0.1.25-cp311-cp311-macosx_10_12_x86_64.whl", hash = "sha256:6204ca8f591443b2a962e507e52c770bbd7a603ba9458f8d3882ac5b9f54af28"},
    {file = "pysequoia-0.1.25-cp311-cp311-macosx_11_0_arm64.whl", hash = "sha256:6ab88ca3dcba9fd64d3e15c0ddf53280b7fc00ed6ab6403cdfdd7b82a4102da4"},
    {file = "pysequoia-0.1.25-cp311-cp311-manylinux_2_17_aarch64.manylinux2014_aarch64.whl", hash = "sha256:2fa0b6e7efe40e64c666fc61dd0ef5f2761e048588e0188e11a76a7de976e06b"},
    {file = "pysequoia-0.1.25-cp311-cp311-manylinux_2_17_armv7l.manylinux2014_armv7l.whl", hash = "sha256:3dfa4ecd93f4d690f0f1517ab95243565999ca53f0f84ae70a676ff8e5afffd0"},
    {file = "pysequoia-0.1.25-cp311-cp311-manylinux_2_17_ppc64le.manylinux2014_ppc64le.whl", hash = "sha256:56557162a1b5a20a71bcb6df9246660e27d325e143b1ee801a9a8f452ea9bca8"},
    {file = "pysequoia-0.1.25-cp311-cp311-manylinux_2_17_s390x.manylinux2014_s390x.whl", hash = "sha256:2e4faae59ee768f883325a4abedd75794bdcc2ee94f119a6f43fe468a2743ed3"},
    {file = "pysequoia-0.1.25-cp311-cp311-manylinux_2_17_x86_64.manylinux2014_x86_64.whl", hash = "sha256:728822e8896f163128be94ad7dcb912047d166cc3b7ad04749d866774b937503"},
    {file = "pysequoia-0.1.25-cp311-cp311-manylinux_2_5_i686.manylinux1_i686.whl", hash = "sha256:01133210ce7b9efb3180a9d5fe5cbd53c90308ba134caf56cddfe5d8bfd8ed55"},
    {file = "pysequoia-0.1.25-cp311-cp311-musllinux_1_2_aarch64.whl", hash = "sha256:1a74a3c33e5789cc6fe0898d5181a857b1a719ed61baca7d8645d13508731ec5"},
    {file = "pysequoia-0.1.25-cp311-cp311-musllinux_1_2_armv7l.whl", hash = "sha256:db2eb9093734a6fa3f40a50f787ae64cdbf8da0d938e431978073d9b851421a2"},
    {file = "pysequoia-0.1.25-cp311-cp311-musllinux_1_2_i686.whl", hash = "sha256:cd49a358d7272d3792824a6aeab49594eca03cdfa22989c245813b291745757b"},
    {file = "pysequoia-0.1.25-cp311-cp311-musllinux_1_2_x86_64.whl", hash = "sha256:614f2a2cfe7c1b3da58e36be3bdb1a4b90200d0613462145b39e6237ca3335e8"},
    {file = "pysequoia-0.1.25-cp311-cp311-win32.whl", hash = "sha256:62c7a148d8e558a156b9ea259ce218fd8a59df3cafa7175359aac31e3c31f475"},
    {file = "pysequoia-0.1.25-cp311-cp311-win_amd64.whl", hash = "sha256:a2d0b91516a008c138ac6cc5bd60a74194721e5b1714198097f963102fb5b836"},
    {file = "pysequoia-0.1.25-cp312-cp312-macosx_10_12_x86_64.whl", hash = "sha256:f61ac90cac32d1724d2c2e42579ddf21ca32cc208afa4fd1cb5c34c3be58fb96"},
    {file = "pysequoia-0.1.25-cp312-cp312-macosx_11_0_arm64.whl", hash = "sha256:b544630a8933a23841d0bbdf592b6869e778d136bfdb5a2f9ac7523ea8e78108"},
    {file = "pysequoia-0.1.25-cp312-cp312-manylinux_2_17_aarch64.manylinux2014_aarch64.whl", hash = "sha256:8c4a0a03e86a4c2cba1d7495d6be893f2eb2a95c7d6018bf7af7b8b4d5adf7bb"},
    {file = "pysequoia-0.1.25-cp312-cp312-manylinux_2_17_armv7l.manylinux2014_armv7l.whl", hash = "sha256:1ea3c9e72a3da28cd410ec39cec1de71753a483fbc69e0207a7a67ad99a83aac"},
    {file = "pysequoia-0.1.25-cp312-cp312-manylinux_2_17_ppc64le.manylinux2014_ppc64le.whl", hash = "sha256:fee99f73e5fbb6c07911dfc8efd80b3d09b36fa958e9d15c073c844fb185e8e7"},
    {file = "pysequoia-0.1.25-cp312-cp312-manylinux_2_17_s390x.manylinux2014_s390x.whl", hash = "sha256:a18c4be119df5713f04f90f065f31f693688407f07779dafe2e9a3d216a552af"},
    {file = "pysequoia-0.1.25-cp312-cp312-manylinux_2_17_x86_64.manylinux2014_x86_64.whl", hash = "sha256:cc7192553f77f4b0219bf6acc4f7ab1997d04bb458a2dd1a376d4b2710175a77"},
    {file = "pysequoia-0.1.25-cp312-cp312-manylinux_2_5_i686.manylinux1_i686.whl", hash = "sha256:d6cba0c5ae7cef1bf17bc6a60a3b571487b950980bd5826ce4695419884ff374"},
    {file = "pysequoia-0.1.25-cp312-cp312-musllinux_1_2_aarch64.whl", hash = "sha256:b1b65585d91cb2789450955168172f7d86b0e7df39667951dd90fe9c4e0b9958"},
    {file = "pysequoia-0.1.25-cp312-cp312-musllinux_1_2_armv7l.whl", hash = "sha256:5027500300866bfb738f09022810ea2d9db79345e59b9309fc3bfa67a1f7e03e"},
    {file = "pysequoia-0.1.25-cp312-cp312-musllinux_1_2_i686.whl", hash = "sha256:0608bab602b9ee0a8c62a1871e2e3a243c01b872123aa088c89a8ec1aa358da1"},
    {file = "pysequoia-0.1.25-cp312-cp312-musllinux_1_2_x86_64.whl", hash = "sha256:02cc4c6f145cd4939cc0ab82c6b5049ad3a73da56deeaff7df0f6baf2355c5d7"},
    {file = "pysequoia-0.1.25-cp312-cp312-win32.whl", hash = "sha256:e288a61143a320df38776a76430b4dc89799bc34dfc6e3344a1d05da488846d8"},
    {file = "pysequoia-0.1.25-cp312-cp312-win_amd64.whl", hash = "sha256:e580df62d876a7fb3597ac63d8d32a73c8d976b5b3e87f6dcfdaeb5752cad67b"},
    {file = "pysequoia-0.1.25-cp313-cp313-macosx_10_12_x86_64.whl", hash = "sha256:d7314f5fdb80d4ec4a62430802872d3942eee6e34d33f8aecb85f754af311dfa"},
    {file = "pysequoia-0.1.25-cp313-cp313-macosx_11_0_arm64.whl", hash = "sha256:b15e1acadf9d82159f9731dace7c60ce907b58a8bac667c6be675fd950ae4999"},
    {file = "pysequoia-0.1.25-cp313-cp313-manylinux_2_17_aarch64.manylinux2014_aarch64.whl", hash = "sha256:811cff6dc02a24199240245326fc6856de879a786b257a58a738fb0ffb38591c"},
    {file = "pysequoia-0.1.25-cp313-cp313-manylinux_2_17_armv7l.manylinux2014_armv7l.whl", hash = "sha256:6e23544d25b0cff4e2ad510998f57800dfdec2ebf8af02b7506b6858d4819f41"},
    {file = "pysequoia-0.1.25-cp313-cp313-manylinux_2_17_ppc64le.manylinux2014_ppc64le.whl", hash = "sha256:b1e849ab2895ab904cef06b83ef747b66f7af0835dcaf60904fe229a65d826d3"},
    {file = "pysequoia-0.1.25-cp313-cp313-manylinux_2_17_s390x.manylinux2014_s390x.whl", hash = "sha256:3323c2cff1cbfcfe6d5287545644ebdf249cdbb841ad3258d8e6b088bd6c6d7b"},
    {file = "pysequoia-0.1.25-cp313-cp313-manylinux_2_17_x86_64.manylinux2014_x86_64.whl", hash = "sha256:dbfb73a794b5400447ae1cca509408248c01c773a1cc9482f276818a1f811622"},
    {file = "pysequoia-0.1.25-cp313-cp313-manylinux_2_5_i686.manylinux1_i686.whl", hash = "sha256:8754c15071e165c085485835eee3b7a16dd41d2d67f950962377d2f7b2c0c143"},
    {file = "pysequoia-0.1.25-cp313-cp313-musllinux_1_2_aarch64.whl", hash = "sha256:7a13cdcc9ec8c59811f6a7ab8ee899a0dd1a4f8d05a1e30f2559738967cc3fe3"},
    {file = "pysequoia-0.1.25-cp313-cp313-musllinux_1_2_armv7l.whl", hash = "sha256:67af14fb64d8ef35a0d8ef3d4217dfa178d5e09ff911f9d6ceab097f753ece0a"},
    {file = "pysequoia-0.1.25-cp313-cp313-musllinux_1_2_i686.whl", hash = "sha256:2fbd693fe46f7728ffd2597b5663a98e128aed25d4345b3fe251632ad8339f5d"},
    {file = "pysequoia-0.1.25-cp313-cp313-musllinux_1_2_x86_64.whl", hash = "sha256:cb5817bf303573fae60f4748a013d14af03965c25c6fe6a1c4ae5d36da05059e"},
    {file = "pysequoia-0.1.25-cp313-cp313t-manylinux_2_17_aarch64.manylinux2014_aarch64.whl", hash = "sha256:8f29190bc53166b3990366162ee44f1d6e72bf5e671cf99156f1fd408660bdee"},
    {file = "pysequoia-0.1.25-cp313-cp313t-manylinux_2_17_armv7l.manylinux2014_armv7l.whl", hash = "sha256:074a859fa2bc5f03a2996b2f2379ef057b98057adfc15f77b9ec04c9ba9077f5"},
    {file = "pysequoia-0.1.25-cp313-cp313t-manylinux_2_17_ppc64le.manylinux2014_ppc64le.whl", hash = "sha256:df62d09ab47066457bbeb470fdccb9ecebc2bb12961fb2ea9943c2c946f18956"},
    {file = "pysequoia-0.1.25-cp313-cp313t-manylinux_2_17_s390x.manylinux2014_s390x.whl", hash = "sha256:bd9a5cccbf18d8736269a7601eb40b98f738669eb763491716e6b9555df7815e"},
    {file = "pysequoia-0.1.25-cp313-cp313t-musllinux_1_2_aarch64.whl", hash = "sha256:b7235d09d06b34a9c7cb507b19bdb9bc965a246e6645486e625d8277580b0270"},
    {file = "pysequoia-0.1.25-cp313-cp313t-musllinux_1_2_armv7l.whl", hash = "sha256:cd2a8504759a370947fcce3a45a28adce6fc6fb643f55a313a81ee496904f3ad"},
    {file = "pysequoia-0.1.25-cp313-cp313t-musllinux_1_2_i686.whl", hash = "sha256:db9cda0262fed25ec9887b8e90c48a5d25d129574ef83e5150bd75e24921f757"},
    {file = "pysequoia-0.1.25-cp313-cp313t-musllinux_1_2_x86_64.whl", hash = "sha256:38ed0dc865dead1b81b651851f0026d735ad7787dbbad05061c62b08c8d1d877"},
    {file = "pysequoia-0.1.25-cp37-cp37m-manylinux_2_17_aarch64.manylinux2014_aarch64.whl", hash = "sha256:b41bf28e4337d8959e0b377847d705559356749fe1049e01168135422a0141a1"},
    {file = "pysequoia-0.1.25-cp37-cp37m-manylinux_2_17_armv7l.manylinux2014_armv7l.whl", hash = "sha256:a4c993d05611ecfc628f836640c1c7dbdc06692b12c499873f88911680aa8279"},
    {file = "pysequoia-0.1.25-cp37-cp37m-manylinux_2_17_ppc64le.manylinux2014_ppc64le.whl", hash = "sha256:157b91a47eb23006daa959fb4f9e4ff108c5fa11fe634f7f3d5c80407dc80a90"},
    {file = "pysequoia-0.1.25-cp37-cp37m-manylinux_2_17_s390x.manylinux2014_s390x.whl", hash = "sha256:abdaf613741abda8e62f98236615b7b602442855b775b14d6e9478fb06cad1fa"},
    {file = "pysequoia-0.1.25-cp37-cp37m-manylinux_2_17_x86_64.manylinux2014_x86_64.whl", hash = "sha256:eae457d7547cb2bd36a85c8a37781687db7351386825b0404f187a2527fa8b47"},
    {file = "pysequoia-0.1.25-cp37-cp37m-manylinux_2_5_i686.manylinux1_i686.whl", hash = "sha256:b8449bf1e21f7bde90ddfe3496a047aed1a682586eaaf2048c21a19293a1a670"},
    {file = "pysequoia-0.1.25-cp37-cp37m-musllinux_1_2_aarch64.whl", hash = "sha256:cf5b888a422a0e795e50a37470a6016923051e6ae2cea6ce5c2d7a961bc2720c"},
    {file = "pysequoia-0.1.25-cp37-cp37m-musllinux_1_2_armv7l.whl", hash = "sha256:5f39912d52d4e58c8915ff0b9f5a4990c8c80f30ab0a13e3ebf78bd7b0ba2371"},
    {file = "pysequoia-0.1.25-cp37-cp37m-musllinux_1_2_i686.whl", hash = "sha256:bf31bef5e4880e5882ee703566d53253be16717836a4432f91abe373acdf5011"},
    {file = "pysequoia-0.1.25-cp37-cp37m-musllinux_1_2_x86_64.whl", hash = "sha256:3a74374e7d80fd34fb153252844a6cedd375436fd74295bb1659e95825cc744c"},
    {file = "pysequoia-0.1.25-cp37-cp37m-win32.whl", hash = "sha256:0485bccc37616a816f11824a323e76178fa790cee6973c7b2a4cd959ecc4e189"},
    {file = "pysequoia-0.1.25-cp37-cp37m-win_amd64.whl", hash = "sha256:4cc16e059964b9a89cc1c0f0b766b62451698cf67d50cc3de4c14f691a80b0c3"},
    {file = "pysequoia-0.1.25-cp38-cp38-manylinux_2_17_aarch64.manylinux2014_aarch64.whl", hash = "sha256:078c5da43391d16cad13ce9db53bbcece000d71fb8383478800c2b953b705ab3"},
    {file = "pysequoia-0.1.25-cp38-cp38-manylinux_2_17_armv7l.manylinux2014_armv7l.whl", hash = "sha256:5f8569f382995d5803289312d39d7ee66ddda540bfb1f3293a869e5b8807cc5d"},
    {file = "pysequoia-0.1.25-cp38-cp38-manylinux_2_17_ppc64le.manylinux2014_ppc64le.whl", hash = "sha256:4ee817837e813a581c53c8aa52674c7b88054e22b171981e291725106fc16c06"},
    {file = "pysequoia-0.1.25-cp38-cp38-manylinux_2_17_s390x.manylinux2014_s390x.whl", hash = "sha256:980a72394e944488ae4968a13afa322fab892ff73d77f89724c244f036f6c60b"},
    {file = "pysequoia-0.1.25-cp38-cp38-manylinux_2_17_x86_64.manylinux2014_x86_64.whl", hash = "sha256:fbe2d6379531dff03e0704bd6298c0f19b35fbfe150e1bc93bcc7a476b30a82a"},
    {file = "pysequoia-0.1.25-cp38-cp38-manylinux_2_5_i686.manylinux1_i686.whl", hash = "sha256:7c1ef160e2ce953f2ea3d9ede79fd3f294942a94d4783da7928a5dbeb13bca9f"},
    {file = "pysequoia-0.1.25-cp38-cp38-musllinux_1_2_aarch64.whl", hash = "sha256:90ec31c57cfa5949952f0d848aa93f2fc1847c65c7f8840c90cf1dc3a011f37d"},
    {file = "pysequoia-0.1.25-cp38-cp38-musllinux_1_2_armv7l.whl", hash = "sha256:1516fdcc362583d0084bba260404033bf6a045cba9a2d6f968de54979560ea1b"},
    {file = "pysequoia-0.1.25-cp38-cp38-musllinux_1_2_i686.whl", hash = "sha256:cb322622c37451ed03acf346f36f491857cf01a9a9ab70ade3b036f49a0ceb40"},
    {file = "pysequoia-0.1.25-cp38-cp38-musllinux_1_2_x86_64.whl", hash = "sha256:f9a1b229d0ffbb3488bc0bc0c5bce3d832794b0bde3870f5b0555567e724a714"},
    {file = "pysequoia-0.1.25-cp38-cp38-win32.whl", hash = "sha256:a454d1b7754dda34eee55cfd3df9d6ef375790d4eda39ff35e3f72d23b4fe37f"},
    {file = "pysequoia-0.1.25-cp38-cp38-win_amd64.whl", hash = "sha256:cb79e87711036b48826e1c2de2bf637c02450f4b7ba7ba74af26ef165abffe31"},
    {file = "pysequoia-0.1.25-cp39-cp39-manylinux_2_17_aarch64.manylinux2014_aarch64.whl", hash = "sha256:ac201e054b65eaeac94d45f8e29c2ccb65d9bfccf395219751e17f6dc7709639"},
    {file = "pysequoia-0.1.25-cp39-cp39-manylinux_2_17_armv7l.manylinux2014_armv7l.whl", hash = "sha256:5552ef4986a26670a1262b2cedd622de4a47f9bc7366dcc08b0f96f843a2528d"},
    {file = "pysequoia-0.1.25-cp39-cp39-manylinux_2_17_ppc64le.manylinux2014_ppc64le.whl", hash = "sha256:b9a330fcf9e0c3e977bdf92ec689eda6de4ada1ee2517d8421d06a5c1e3006ac"},
    {file = "pysequoia-0.1.25-cp39-cp39-manylinux_2_17_s390x.manylinux2014_s390x.whl", hash = "sha256:5378d68cf4efbdc3f2ab64adacb08c385f47ac562a57a98f031c9872c6a990da"},
    {file = "pysequoia-0.1.25-cp39-cp39-manylinux_2_17_x86_64.manylinux2014_x86_64.whl", hash = "sha256:099763af9d00802e36ae32de554d70582fa9de7ca4aaee351f9e04e26f61443d"},
    {file = "pysequoia-0.1.25-cp39-cp39-manylinux_2_5_i686.manylinux1_i686.whl", hash = "sha256:35de7e37e39a180651b1d0591525a38cd333899b3069dec954e0070d11f61abc"},
    {file = "pysequoia-0.1.25-cp39-cp39-musllinux_1_2_aarch64.whl", hash = "sha256:4731d25c9efa62488bb0a420f38cce79a6ada0b1ad953593df4b6b6bb48f166f"},
    {file = "pysequoia-0.1.25-cp39-cp39-musllinux_1_2_armv7l.whl", hash = "sha256:93979965110cf8df242514c680d9157953e800325c9c1e6946c0fb6f037b2ab1"},
    {file = "pysequoia-0.1.25-cp39-cp39-musllinux_1_2_i686.whl", hash = "sha256:cdad786a543fdbd2cafd48b67b1f03bba29a7d227e7151c489d5b4442956dbf8"},
    {file = "pysequoia-0.1.25-cp39-cp39-musllinux_1_2_x86_64.whl", hash = "sha256:62bdbe096b88790e6f72c10b2ca656e8429d872b3db87d644c014c20a8ffa368"},
    {file = "pysequoia-0.1.25-cp39-cp39-win32.whl", hash = "sha256:395372e5983d373155cb14ef10983ca3a44db1d4ccf4966521146771c564adb2"},
    {file = "pysequoia-0.1.25-cp39-cp39-win_amd64.whl", hash = "sha256:76b91a9638608545740789a2604c13e7789629d043c8c8312d99d614ff960cf6"},
    {file = "pysequoia-0.1.25-pp310-pypy310_pp73-manylinux_2_17_aarch64.manylinux2014_aarch64.whl", hash = "sha256:2245aa05be3be951bc7df82aba6c18f3cb3409b07120581ac99fac5d1b52b564"},
    {file = "pysequoia-0.1.25-pp310-pypy310_pp73-manylinux_2_17_armv7l.manylinux2014_armv7l.whl", hash = "sha256:878048c9f2f0808acfb1b41d316e31f7b468c3f5fca4fc3d20ce01b3f7848b3b"},
    {file = "pysequoia-0.1.25-pp310-pypy310_pp73-manylinux_2_17_ppc64le.manylinux2014_ppc64le.whl", hash = "sha256:a8ec6a1d304fe0867a98d4c90a7776d399dd73e2465e516c64d80e4a0975ab0b"},
    {file = "pysequoia-0.1.25-pp310-pypy310_pp73-manylinux_2_17_s390x.manylinux2014_s390x.whl", hash = "sha256:1e68e86b730e43c1f7748749a754408aa3f334c721905d6f80c926d8bea76c77"},
    {file = "pysequoia-0.1.25-pp310-pypy310_pp73-manylinux_2_17_x86_64.manylinux2014_x86_64.whl", hash = "sha256:e4eeddf074f24a27402f69707d36c13fd8bab3062aa724c14084015189ffe942"},
    {file = "pysequoia-0.1.25-pp310-pypy310_pp73-manylinux_2_5_i686.manylinux1_i686.whl", hash = "sha256:f01861e3d309f95b0615fe370d067e4e8aad86b8a5cd3ef6e52186b53618541f"},
    {file = "pysequoia-0.1.25-pp310-pypy310_pp73-musllinux_1_2_aarch64.whl", hash = "sha256:654e6d22ba6172d91169709d185492b325b5ae8ab2f6f6d7eccc16099b9c3338"},
    {file = "pysequoia-0.1.25-pp310-pypy310_pp73-musllinux_1_2_armv7l.whl", hash = "sha256:02afd1fad639ad88c5557ab8d642eee4e71b0ff65e9043ee74b6d06a625bd7a0"},
    {file = "pysequoia-0.1.25-pp310-pypy310_pp73-musllinux_1_2_i686.whl", hash = "sha256:5028ad3cefd0807772d754fd80b9153d7395c371188469a3fc23072a54f70559"},
    {file = "pysequoia-0.1.25-pp310-pypy310_pp73-musllinux_1_2_x86_64.whl", hash = "sha256:68596f4f320a41cc9096185c27b94d2562577d06fe548ff0e2314420d335786e"},
    {file = "pysequoia-0.1.25-pp39-pypy39_pp73-manylinux_2_17_aarch64.manylinux2014_aarch64.whl", hash = "sha256:943a2427c87ff6196da26f45e7f709d8d550be6364a369b06e9cfab90f78dda8"},
    {file = "pysequoia-0.1.25-pp39-pypy39_pp73-manylinux_2_17_armv7l.manylinux2014_armv7l.whl", hash = "sha256:f794f466b298fac68d6427310abac803eae8685cad6c99eca5ac043ce14f1225"},
    {file = "pysequoia-0.1.25-pp39-pypy39_pp73-manylinux_2_17_ppc64le.manylinux2014_ppc64le.whl", hash = "sha256:dd98596f2db8ebef4dc68b03bbbd8afa1e496370d9acecf617fa29fd8ef69775"},
    {file = "pysequoia-0.1.25-pp39-pypy39_pp73-manylinux_2_17_s390x.manylinux2014_s390x.whl", hash = "sha256:ad83da897c7a639df5004125521598e9f56963c10e1cf256438162ad53a78783"},
    {file = "pysequoia-0.1.25-pp39-pypy39_pp73-musllinux_1_2_aarch64.whl", hash = "sha256:f916326e4e44b2ce474edc47ad3872621ab6da6df46f9eb8235f104a195e5772"},
    {file = "pysequoia-0.1.25-pp39-pypy39_pp73-musllinux_1_2_armv7l.whl", hash = "sha256:060cf915e249a10f9bdf0e24f5c1b32bb6dd00d0f55325bb4d9cc0bb1d77448f"},
    {file = "pysequoia-0.1.25-pp39-pypy39_pp73-musllinux_1_2_i686.whl", hash = "sha256:5f69843de3ce36b978db6dd245630c62a67608336f77f7b9b1fd50a814b9ba31"},
    {file = "pysequoia-0.1.25-pp39-pypy39_pp73-musllinux_1_2_x86_64.whl", hash = "sha256:1db3fd4234666e9064b94d4b44305eba26122350f49f053eb5e29953ca1caab4"},
    {file = "pysequoia-0.1.25.tar.gz", hash = "sha256:220a622849cde964c033ef80c7c3ccdd1d3414276ec75e998492e560c8300671"},
]

[[package]]
name = "pytest"
version = "8.3.4"
description = "pytest: simple powerful testing with Python"
optional = false
python-versions = ">=3.8"
files = [
    {file = "pytest-8.3.4-py3-none-any.whl", hash = "sha256:50e16d954148559c9a74109af1eaf0c945ba2d8f30f0a3d3335edde19788b6f6"},
    {file = "pytest-8.3.4.tar.gz", hash = "sha256:965370d062bce11e73868e0335abac31b4d3de0e82f4007408d242b4f8610761"},
]

[package.dependencies]
colorama = {version = "*", markers = "sys_platform == \"win32\""}
iniconfig = "*"
packaging = "*"
pluggy = ">=1.5,<2"

[package.extras]
dev = ["argcomplete", "attrs (>=19.2)", "hypothesis (>=3.56)", "mock", "pygments (>=2.7.2)", "requests", "setuptools", "xmlschema"]

[[package]]
name = "pytest-cov"
version = "6.0.0"
description = "Pytest plugin for measuring coverage."
optional = false
python-versions = ">=3.9"
files = [
    {file = "pytest-cov-6.0.0.tar.gz", hash = "sha256:fde0b595ca248bb8e2d76f020b465f3b107c9632e6a1d1705f17834c89dcadc0"},
    {file = "pytest_cov-6.0.0-py3-none-any.whl", hash = "sha256:eee6f1b9e61008bd34975a4d5bab25801eb31898b032dd55addc93e96fcaaa35"},
]

[package.dependencies]
coverage = {version = ">=7.5", extras = ["toml"]}
pytest = ">=4.6"

[package.extras]
testing = ["fields", "hunter", "process-tests", "pytest-xdist", "virtualenv"]

[[package]]
name = "python-debian"
version = "0.1.49"
description = "Debian package related modules"
optional = false
python-versions = ">=3.5"
files = [
    {file = "python-debian-0.1.49.tar.gz", hash = "sha256:8cf677a30dbcb4be7a99536c17e11308a827a4d22028dc59a67f6c6dd3f0f58c"},
    {file = "python_debian-0.1.49-py3-none-any.whl", hash = "sha256:880f3bc52e31599f2a9b432bd7691844286825087fccdcf2f6ffd5cd79a26f9f"},
]

[package.dependencies]
chardet = "*"

[[package]]
name = "ruff"
version = "0.8.4"
description = "An extremely fast Python linter and code formatter, written in Rust."
optional = false
python-versions = ">=3.7"
files = [
    {file = "ruff-0.8.4-py3-none-linux_armv6l.whl", hash = "sha256:58072f0c06080276804c6a4e21a9045a706584a958e644353603d36ca1eb8a60"},
    {file = "ruff-0.8.4-py3-none-macosx_10_12_x86_64.whl", hash = "sha256:ffb60904651c00a1e0b8df594591770018a0f04587f7deeb3838344fe3adabac"},
    {file = "ruff-0.8.4-py3-none-macosx_11_0_arm64.whl", hash = "sha256:6ddf5d654ac0d44389f6bf05cee4caeefc3132a64b58ea46738111d687352296"},
    {file = "ruff-0.8.4-py3-none-manylinux_2_17_aarch64.manylinux2014_aarch64.whl", hash = "sha256:e248b1f0fa2749edd3350a2a342b67b43a2627434c059a063418e3d375cfe643"},
    {file = "ruff-0.8.4-py3-none-manylinux_2_17_armv7l.manylinux2014_armv7l.whl", hash = "sha256:bf197b98ed86e417412ee3b6c893f44c8864f816451441483253d5ff22c0e81e"},
    {file = "ruff-0.8.4-py3-none-manylinux_2_17_i686.manylinux2014_i686.whl", hash = "sha256:c41319b85faa3aadd4d30cb1cffdd9ac6b89704ff79f7664b853785b48eccdf3"},
    {file = "ruff-0.8.4-py3-none-manylinux_2_17_ppc64.manylinux2014_ppc64.whl", hash = "sha256:9f8402b7c4f96463f135e936d9ab77b65711fcd5d72e5d67597b543bbb43cf3f"},
    {file = "ruff-0.8.4-py3-none-manylinux_2_17_ppc64le.manylinux2014_ppc64le.whl", hash = "sha256:e4e56b3baa9c23d324ead112a4fdf20db9a3f8f29eeabff1355114dd96014604"},
    {file = "ruff-0.8.4-py3-none-manylinux_2_17_s390x.manylinux2014_s390x.whl", hash = "sha256:736272574e97157f7edbbb43b1d046125fce9e7d8d583d5d65d0c9bf2c15addf"},
    {file = "ruff-0.8.4-py3-none-manylinux_2_17_x86_64.manylinux2014_x86_64.whl", hash = "sha256:e5fe710ab6061592521f902fca7ebcb9fabd27bc7c57c764298b1c1f15fff720"},
    {file = "ruff-0.8.4-py3-none-musllinux_1_2_aarch64.whl", hash = "sha256:13e9ec6d6b55f6da412d59953d65d66e760d583dd3c1c72bf1f26435b5bfdbae"},
    {file = "ruff-0.8.4-py3-none-musllinux_1_2_armv7l.whl", hash = "sha256:97d9aefef725348ad77d6db98b726cfdb075a40b936c7984088804dfd38268a7"},
    {file = "ruff-0.8.4-py3-none-musllinux_1_2_i686.whl", hash = "sha256:ab78e33325a6f5374e04c2ab924a3367d69a0da36f8c9cb6b894a62017506111"},
    {file = "ruff-0.8.4-py3-none-musllinux_1_2_x86_64.whl", hash = "sha256:8ef06f66f4a05c3ddbc9121a8b0cecccd92c5bf3dd43b5472ffe40b8ca10f0f8"},
    {file = "ruff-0.8.4-py3-none-win32.whl", hash = "sha256:552fb6d861320958ca5e15f28b20a3d071aa83b93caee33a87b471f99a6c0835"},
    {file = "ruff-0.8.4-py3-none-win_amd64.whl", hash = "sha256:f21a1143776f8656d7f364bd264a9d60f01b7f52243fbe90e7670c0dfe0cf65d"},
    {file = "ruff-0.8.4-py3-none-win_arm64.whl", hash = "sha256:9183dd615d8df50defa8b1d9a074053891ba39025cf5ae88e8bcb52edcc4bf08"},
    {file = "ruff-0.8.4.tar.gz", hash = "sha256:0d5f89f254836799af1615798caa5f80b7f935d7a670fad66c5007928e57ace8"},
]

[[package]]
name = "types-setuptools"
version = "75.6.0.20241223"
description = "Typing stubs for setuptools"
optional = false
python-versions = ">=3.8"
files = [
    {file = "types_setuptools-75.6.0.20241223-py3-none-any.whl", hash = "sha256:7cbfd3bf2944f88bbcdd321b86ddd878232a277be95d44c78a53585d78ebc2f6"},
    {file = "types_setuptools-75.6.0.20241223.tar.gz", hash = "sha256:d9478a985057ed48a994c707f548e55aababa85fe1c9b212f43ab5a1fffd3211"},
]

[[package]]
name = "typing-extensions"
version = "4.12.2"
description = "Backported and Experimental Type Hints for Python 3.8+"
optional = false
python-versions = ">=3.8"
files = [
    {file = "typing_extensions-4.12.2-py3-none-any.whl", hash = "sha256:04e5ca0351e0f3f85c6853954072df659d0d13fac324d0072316b67d7794700d"},
    {file = "typing_extensions-4.12.2.tar.gz", hash = "sha256:1a7ead55c7e559dd4dee8856e3a88b41225abfe1ce8df57b7c13915fe121ffb8"},
]

[metadata]
lock-version = "2.0"
python-versions = "^3.11"
content-hash = "b8f2b1627c2004ba39044ae09d9d63c28ec47643923123bd79cae74b36c738a1"
