# This file is automatically @generated by Poetry 1.8.5 and should not be changed by hand.

[[package]]
name = "chardet"
version = "5.2.0"
description = "Universal encoding detector for Python 3"
optional = false
python-versions = ">=3.7"
files = [
    {file = "chardet-5.2.0-py3-none-any.whl", hash = "sha256:e1cf59446890a00105fe7b7912492ea04b6e6f06d4b742b2c788469e34c82970"},
    {file = "chardet-5.2.0.tar.gz", hash = "sha256:1b3b6ff479a8c414bc3fa2c0852995695c4a026dcd6d0633b2dd092ca39c1cf7"},
]

[[package]]
name = "colorama"
version = "0.4.6"
description = "Cross-platform colored terminal text."
optional = false
python-versions = "!=3.0.*,!=3.1.*,!=3.2.*,!=3.3.*,!=3.4.*,!=3.5.*,!=3.6.*,>=2.7"
files = [
    {file = "colorama-0.4.6-py2.py3-none-any.whl", hash = "sha256:4f1d9991f5acc0ca119f9d443620b77f9d6b33703e51011c16baf57afb285fc6"},
    {file = "colorama-0.4.6.tar.gz", hash = "sha256:08695f5cb7ed6e0531a20572697297273c47b8cae5a63ffc6d6ed5c201be6e44"},
]

[[package]]
name = "coverage"
version = "7.6.12"
description = "Code coverage measurement for Python"
optional = false
python-versions = ">=3.9"
files = [
    {file = "coverage-7.6.12-cp310-cp310-macosx_10_9_x86_64.whl", hash = "sha256:704c8c8c6ce6569286ae9622e534b4f5b9759b6f2cd643f1c1a61f666d534fe8"},
    {file = "coverage-7.6.12-cp310-cp310-macosx_11_0_arm64.whl", hash = "sha256:ad7525bf0241e5502168ae9c643a2f6c219fa0a283001cee4cf23a9b7da75879"},
    {file = "coverage-7.6.12-cp310-cp310-manylinux_2_17_aarch64.manylinux2014_aarch64.whl", hash = "sha256:06097c7abfa611c91edb9e6920264e5be1d6ceb374efb4986f38b09eed4cb2fe"},
    {file = "coverage-7.6.12-cp310-cp310-manylinux_2_5_i686.manylinux1_i686.manylinux_2_17_i686.manylinux2014_i686.whl", hash = "sha256:220fa6c0ad7d9caef57f2c8771918324563ef0d8272c94974717c3909664e674"},
    {file = "coverage-7.6.12-cp310-cp310-manylinux_2_5_x86_64.manylinux1_x86_64.manylinux_2_17_x86_64.manylinux2014_x86_64.whl", hash = "sha256:3688b99604a24492bcfe1c106278c45586eb819bf66a654d8a9a1433022fb2eb"},
    {file = "coverage-7.6.12-cp310-cp310-musllinux_1_2_aarch64.whl", hash = "sha256:d1a987778b9c71da2fc8948e6f2656da6ef68f59298b7e9786849634c35d2c3c"},
    {file = "coverage-7.6.12-cp310-cp310-musllinux_1_2_i686.whl", hash = "sha256:cec6b9ce3bd2b7853d4a4563801292bfee40b030c05a3d29555fd2a8ee9bd68c"},
    {file = "coverage-7.6.12-cp310-cp310-musllinux_1_2_x86_64.whl", hash = "sha256:ace9048de91293e467b44bce0f0381345078389814ff6e18dbac8fdbf896360e"},
    {file = "coverage-7.6.12-cp310-cp310-win32.whl", hash = "sha256:ea31689f05043d520113e0552f039603c4dd71fa4c287b64cb3606140c66f425"},
    {file = "coverage-7.6.12-cp310-cp310-win_amd64.whl", hash = "sha256:676f92141e3c5492d2a1596d52287d0d963df21bf5e55c8b03075a60e1ddf8aa"},
    {file = "coverage-7.6.12-cp311-cp311-macosx_10_9_x86_64.whl", hash = "sha256:e18aafdfb3e9ec0d261c942d35bd7c28d031c5855dadb491d2723ba54f4c3015"},
    {file = "coverage-7.6.12-cp311-cp311-macosx_11_0_arm64.whl", hash = "sha256:66fe626fd7aa5982cdebad23e49e78ef7dbb3e3c2a5960a2b53632f1f703ea45"},
    {file = "coverage-7.6.12-cp311-cp311-manylinux_2_17_aarch64.manylinux2014_aarch64.whl", hash = "sha256:0ef01d70198431719af0b1f5dcbefc557d44a190e749004042927b2a3fed0702"},
    {file = "coverage-7.6.12-cp311-cp311-manylinux_2_5_i686.manylinux1_i686.manylinux_2_17_i686.manylinux2014_i686.whl", hash = "sha256:07e92ae5a289a4bc4c0aae710c0948d3c7892e20fd3588224ebe242039573bf0"},
    {file = "coverage-7.6.12-cp311-cp311-manylinux_2_5_x86_64.manylinux1_x86_64.manylinux_2_17_x86_64.manylinux2014_x86_64.whl", hash = "sha256:e695df2c58ce526eeab11a2e915448d3eb76f75dffe338ea613c1201b33bab2f"},
    {file = "coverage-7.6.12-cp311-cp311-musllinux_1_2_aarch64.whl", hash = "sha256:d74c08e9aaef995f8c4ef6d202dbd219c318450fe2a76da624f2ebb9c8ec5d9f"},
    {file = "coverage-7.6.12-cp311-cp311-musllinux_1_2_i686.whl", hash = "sha256:e995b3b76ccedc27fe4f477b349b7d64597e53a43fc2961db9d3fbace085d69d"},
    {file = "coverage-7.6.12-cp311-cp311-musllinux_1_2_x86_64.whl", hash = "sha256:b1f097878d74fe51e1ddd1be62d8e3682748875b461232cf4b52ddc6e6db0bba"},
    {file = "coverage-7.6.12-cp311-cp311-win32.whl", hash = "sha256:1f7ffa05da41754e20512202c866d0ebfc440bba3b0ed15133070e20bf5aeb5f"},
    {file = "coverage-7.6.12-cp311-cp311-win_amd64.whl", hash = "sha256:e216c5c45f89ef8971373fd1c5d8d1164b81f7f5f06bbf23c37e7908d19e8558"},
    {file = "coverage-7.6.12-cp312-cp312-macosx_10_13_x86_64.whl", hash = "sha256:b172f8e030e8ef247b3104902cc671e20df80163b60a203653150d2fc204d1ad"},
    {file = "coverage-7.6.12-cp312-cp312-macosx_11_0_arm64.whl", hash = "sha256:641dfe0ab73deb7069fb972d4d9725bf11c239c309ce694dd50b1473c0f641c3"},
    {file = "coverage-7.6.12-cp312-cp312-manylinux_2_17_aarch64.manylinux2014_aarch64.whl", hash = "sha256:0e549f54ac5f301e8e04c569dfdb907f7be71b06b88b5063ce9d6953d2d58574"},
    {file = "coverage-7.6.12-cp312-cp312-manylinux_2_5_i686.manylinux1_i686.manylinux_2_17_i686.manylinux2014_i686.whl", hash = "sha256:959244a17184515f8c52dcb65fb662808767c0bd233c1d8a166e7cf74c9ea985"},
    {file = "coverage-7.6.12-cp312-cp312-manylinux_2_5_x86_64.manylinux1_x86_64.manylinux_2_17_x86_64.manylinux2014_x86_64.whl", hash = "sha256:bda1c5f347550c359f841d6614fb8ca42ae5cb0b74d39f8a1e204815ebe25750"},
    {file = "coverage-7.6.12-cp312-cp312-musllinux_1_2_aarch64.whl", hash = "sha256:1ceeb90c3eda1f2d8c4c578c14167dbd8c674ecd7d38e45647543f19839dd6ea"},
    {file = "coverage-7.6.12-cp312-cp312-musllinux_1_2_i686.whl", hash = "sha256:0f16f44025c06792e0fb09571ae454bcc7a3ec75eeb3c36b025eccf501b1a4c3"},
    {file = "coverage-7.6.12-cp312-cp312-musllinux_1_2_x86_64.whl", hash = "sha256:b076e625396e787448d27a411aefff867db2bffac8ed04e8f7056b07024eed5a"},
    {file = "coverage-7.6.12-cp312-cp312-win32.whl", hash = "sha256:00b2086892cf06c7c2d74983c9595dc511acca00665480b3ddff749ec4fb2a95"},
    {file = "coverage-7.6.12-cp312-cp312-win_amd64.whl", hash = "sha256:7ae6eabf519bc7871ce117fb18bf14e0e343eeb96c377667e3e5dd12095e0288"},
    {file = "coverage-7.6.12-cp313-cp313-macosx_10_13_x86_64.whl", hash = "sha256:488c27b3db0ebee97a830e6b5a3ea930c4a6e2c07f27a5e67e1b3532e76b9ef1"},
    {file = "coverage-7.6.12-cp313-cp313-macosx_11_0_arm64.whl", hash = "sha256:5d1095bbee1851269f79fd8e0c9b5544e4c00c0c24965e66d8cba2eb5bb535fd"},
    {file = "coverage-7.6.12-cp313-cp313-manylinux_2_17_aarch64.manylinux2014_aarch64.whl", hash = "sha256:0533adc29adf6a69c1baa88c3d7dbcaadcffa21afbed3ca7a225a440e4744bf9"},
    {file = "coverage-7.6.12-cp313-cp313-manylinux_2_5_i686.manylinux1_i686.manylinux_2_17_i686.manylinux2014_i686.whl", hash = "sha256:53c56358d470fa507a2b6e67a68fd002364d23c83741dbc4c2e0680d80ca227e"},
    {file = "coverage-7.6.12-cp313-cp313-manylinux_2_5_x86_64.manylinux1_x86_64.manylinux_2_17_x86_64.manylinux2014_x86_64.whl", hash = "sha256:64cbb1a3027c79ca6310bf101014614f6e6e18c226474606cf725238cf5bc2d4"},
    {file = "coverage-7.6.12-cp313-cp313-musllinux_1_2_aarch64.whl", hash = "sha256:79cac3390bfa9836bb795be377395f28410811c9066bc4eefd8015258a7578c6"},
    {file = "coverage-7.6.12-cp313-cp313-musllinux_1_2_i686.whl", hash = "sha256:9b148068e881faa26d878ff63e79650e208e95cf1c22bd3f77c3ca7b1d9821a3"},
    {file = "coverage-7.6.12-cp313-cp313-musllinux_1_2_x86_64.whl", hash = "sha256:8bec2ac5da793c2685ce5319ca9bcf4eee683b8a1679051f8e6ec04c4f2fd7dc"},
    {file = "coverage-7.6.12-cp313-cp313-win32.whl", hash = "sha256:200e10beb6ddd7c3ded322a4186313d5ca9e63e33d8fab4faa67ef46d3460af3"},
    {file = "coverage-7.6.12-cp313-cp313-win_amd64.whl", hash = "sha256:2b996819ced9f7dbb812c701485d58f261bef08f9b85304d41219b1496b591ef"},
    {file = "coverage-7.6.12-cp313-cp313t-macosx_10_13_x86_64.whl", hash = "sha256:299cf973a7abff87a30609879c10df0b3bfc33d021e1adabc29138a48888841e"},
    {file = "coverage-7.6.12-cp313-cp313t-macosx_11_0_arm64.whl", hash = "sha256:4b467a8c56974bf06e543e69ad803c6865249d7a5ccf6980457ed2bc50312703"},
    {file = "coverage-7.6.12-cp313-cp313t-manylinux_2_17_aarch64.manylinux2014_aarch64.whl", hash = "sha256:2458f275944db8129f95d91aee32c828a408481ecde3b30af31d552c2ce284a0"},
    {file = "coverage-7.6.12-cp313-cp313t-manylinux_2_5_i686.manylinux1_i686.manylinux_2_17_i686.manylinux2014_i686.whl", hash = "sha256:0a9d8be07fb0832636a0f72b80d2a652fe665e80e720301fb22b191c3434d924"},
    {file = "coverage-7.6.12-cp313-cp313t-manylinux_2_5_x86_64.manylinux1_x86_64.manylinux_2_17_x86_64.manylinux2014_x86_64.whl", hash = "sha256:14d47376a4f445e9743f6c83291e60adb1b127607a3618e3185bbc8091f0467b"},
    {file = "coverage-7.6.12-cp313-cp313t-musllinux_1_2_aarch64.whl", hash = "sha256:b95574d06aa9d2bd6e5cc35a5bbe35696342c96760b69dc4287dbd5abd4ad51d"},
    {file = "coverage-7.6.12-cp313-cp313t-musllinux_1_2_i686.whl", hash = "sha256:ecea0c38c9079570163d663c0433a9af4094a60aafdca491c6a3d248c7432827"},
    {file = "coverage-7.6.12-cp313-cp313t-musllinux_1_2_x86_64.whl", hash = "sha256:2251fabcfee0a55a8578a9d29cecfee5f2de02f11530e7d5c5a05859aa85aee9"},
    {file = "coverage-7.6.12-cp313-cp313t-win32.whl", hash = "sha256:eb5507795caabd9b2ae3f1adc95f67b1104971c22c624bb354232d65c4fc90b3"},
    {file = "coverage-7.6.12-cp313-cp313t-win_amd64.whl", hash = "sha256:f60a297c3987c6c02ffb29effc70eadcbb412fe76947d394a1091a3615948e2f"},
    {file = "coverage-7.6.12-cp39-cp39-macosx_10_9_x86_64.whl", hash = "sha256:e7575ab65ca8399c8c4f9a7d61bbd2d204c8b8e447aab9d355682205c9dd948d"},
    {file = "coverage-7.6.12-cp39-cp39-macosx_11_0_arm64.whl", hash = "sha256:8161d9fbc7e9fe2326de89cd0abb9f3599bccc1287db0aba285cb68d204ce929"},
    {file = "coverage-7.6.12-cp39-cp39-manylinux_2_17_aarch64.manylinux2014_aarch64.whl", hash = "sha256:3a1e465f398c713f1b212400b4e79a09829cd42aebd360362cd89c5bdc44eb87"},
    {file = "coverage-7.6.12-cp39-cp39-manylinux_2_5_i686.manylinux1_i686.manylinux_2_17_i686.manylinux2014_i686.whl", hash = "sha256:f25d8b92a4e31ff1bd873654ec367ae811b3a943583e05432ea29264782dc32c"},
    {file = "coverage-7.6.12-cp39-cp39-manylinux_2_5_x86_64.manylinux1_x86_64.manylinux_2_17_x86_64.manylinux2014_x86_64.whl", hash = "sha256:1a936309a65cc5ca80fa9f20a442ff9e2d06927ec9a4f54bcba9c14c066323f2"},
    {file = "coverage-7.6.12-cp39-cp39-musllinux_1_2_aarch64.whl", hash = "sha256:aa6f302a3a0b5f240ee201297fff0bbfe2fa0d415a94aeb257d8b461032389bd"},
    {file = "coverage-7.6.12-cp39-cp39-musllinux_1_2_i686.whl", hash = "sha256:f973643ef532d4f9be71dd88cf7588936685fdb576d93a79fe9f65bc337d9d73"},
    {file = "coverage-7.6.12-cp39-cp39-musllinux_1_2_x86_64.whl", hash = "sha256:78f5243bb6b1060aed6213d5107744c19f9571ec76d54c99cc15938eb69e0e86"},
    {file = "coverage-7.6.12-cp39-cp39-win32.whl", hash = "sha256:69e62c5034291c845fc4df7f8155e8544178b6c774f97a99e2734b05eb5bed31"},
    {file = "coverage-7.6.12-cp39-cp39-win_amd64.whl", hash = "sha256:b01a840ecc25dce235ae4c1b6a0daefb2a203dba0e6e980637ee9c2f6ee0df57"},
    {file = "coverage-7.6.12-pp39.pp310-none-any.whl", hash = "sha256:7e39e845c4d764208e7b8f6a21c541ade741e2c41afabdfa1caa28687a3c98cf"},
    {file = "coverage-7.6.12-py3-none-any.whl", hash = "sha256:eb8668cfbc279a536c633137deeb9435d2962caec279c3f8cf8b91fff6ff8953"},
    {file = "coverage-7.6.12.tar.gz", hash = "sha256:48cfc4641d95d34766ad41d9573cc0f22a48aa88d22657a1fe01dca0dbae4de2"},
]

[package.extras]
toml = ["tomli"]

[[package]]
name = "iniconfig"
version = "2.0.0"
description = "brain-dead simple config-ini parsing"
optional = false
python-versions = ">=3.7"
files = [
    {file = "iniconfig-2.0.0-py3-none-any.whl", hash = "sha256:b6a85871a79d2e3b22d2d1b94ac2824226a63c6b741c88f7ae975f18b6778374"},
    {file = "iniconfig-2.0.0.tar.gz", hash = "sha256:2d91e135bf72d31a410b17c16da610a82cb55f6b0477d1a902134b24a455b8b3"},
]

[[package]]
name = "mypy"
version = "1.15.0"
description = "Optional static typing for Python"
optional = false
python-versions = ">=3.9"
files = [
    {file = "mypy-1.15.0-cp310-cp310-macosx_10_9_x86_64.whl", hash = "sha256:979e4e1a006511dacf628e36fadfecbcc0160a8af6ca7dad2f5025529e082c13"},
    {file = "mypy-1.15.0-cp310-cp310-macosx_11_0_arm64.whl", hash = "sha256:c4bb0e1bd29f7d34efcccd71cf733580191e9a264a2202b0239da95984c5b559"},
    {file = "mypy-1.15.0-cp310-cp310-manylinux_2_17_aarch64.manylinux2014_aarch64.manylinux_2_28_aarch64.whl", hash = "sha256:be68172e9fd9ad8fb876c6389f16d1c1b5f100ffa779f77b1fb2176fcc9ab95b"},
    {file = "mypy-1.15.0-cp310-cp310-manylinux_2_17_x86_64.manylinux2014_x86_64.manylinux_2_28_x86_64.whl", hash = "sha256:c7be1e46525adfa0d97681432ee9fcd61a3964c2446795714699a998d193f1a3"},
    {file = "mypy-1.15.0-cp310-cp310-musllinux_1_2_x86_64.whl", hash = "sha256:2e2c2e6d3593f6451b18588848e66260ff62ccca522dd231cd4dd59b0160668b"},
    {file = "mypy-1.15.0-cp310-cp310-win_amd64.whl", hash = "sha256:6983aae8b2f653e098edb77f893f7b6aca69f6cffb19b2cc7443f23cce5f4828"},
    {file = "mypy-1.15.0-cp311-cp311-macosx_10_9_x86_64.whl", hash = "sha256:2922d42e16d6de288022e5ca321cd0618b238cfc5570e0263e5ba0a77dbef56f"},
    {file = "mypy-1.15.0-cp311-cp311-macosx_11_0_arm64.whl", hash = "sha256:2ee2d57e01a7c35de00f4634ba1bbf015185b219e4dc5909e281016df43f5ee5"},
    {file = "mypy-1.15.0-cp311-cp311-manylinux_2_17_aarch64.manylinux2014_aarch64.manylinux_2_28_aarch64.whl", hash = "sha256:973500e0774b85d9689715feeffcc980193086551110fd678ebe1f4342fb7c5e"},
    {file = "mypy-1.15.0-cp311-cp311-manylinux_2_17_x86_64.manylinux2014_x86_64.manylinux_2_28_x86_64.whl", hash = "sha256:5a95fb17c13e29d2d5195869262f8125dfdb5c134dc8d9a9d0aecf7525b10c2c"},
    {file = "mypy-1.15.0-cp311-cp311-musllinux_1_2_x86_64.whl", hash = "sha256:1905f494bfd7d85a23a88c5d97840888a7bd516545fc5aaedff0267e0bb54e2f"},
    {file = "mypy-1.15.0-cp311-cp311-win_amd64.whl", hash = "sha256:c9817fa23833ff189db061e6d2eff49b2f3b6ed9856b4a0a73046e41932d744f"},
    {file = "mypy-1.15.0-cp312-cp312-macosx_10_13_x86_64.whl", hash = "sha256:aea39e0583d05124836ea645f412e88a5c7d0fd77a6d694b60d9b6b2d9f184fd"},
    {file = "mypy-1.15.0-cp312-cp312-macosx_11_0_arm64.whl", hash = "sha256:2f2147ab812b75e5b5499b01ade1f4a81489a147c01585cda36019102538615f"},
    {file = "mypy-1.15.0-cp312-cp312-manylinux_2_17_aarch64.manylinux2014_aarch64.manylinux_2_28_aarch64.whl", hash = "sha256:ce436f4c6d218a070048ed6a44c0bbb10cd2cc5e272b29e7845f6a2f57ee4464"},
    {file = "mypy-1.15.0-cp312-cp312-manylinux_2_17_x86_64.manylinux2014_x86_64.manylinux_2_28_x86_64.whl", hash = "sha256:8023ff13985661b50a5928fc7a5ca15f3d1affb41e5f0a9952cb68ef090b31ee"},
    {file = "mypy-1.15.0-cp312-cp312-musllinux_1_2_x86_64.whl", hash = "sha256:1124a18bc11a6a62887e3e137f37f53fbae476dc36c185d549d4f837a2a6a14e"},
    {file = "mypy-1.15.0-cp312-cp312-win_amd64.whl", hash = "sha256:171a9ca9a40cd1843abeca0e405bc1940cd9b305eaeea2dda769ba096932bb22"},
    {file = "mypy-1.15.0-cp313-cp313-macosx_10_13_x86_64.whl", hash = "sha256:93faf3fdb04768d44bf28693293f3904bbb555d076b781ad2530214ee53e3445"},
    {file = "mypy-1.15.0-cp313-cp313-macosx_11_0_arm64.whl", hash = "sha256:811aeccadfb730024c5d3e326b2fbe9249bb7413553f15499a4050f7c30e801d"},
    {file = "mypy-1.15.0-cp313-cp313-manylinux_2_17_aarch64.manylinux2014_aarch64.manylinux_2_28_aarch64.whl", hash = "sha256:98b7b9b9aedb65fe628c62a6dc57f6d5088ef2dfca37903a7d9ee374d03acca5"},
    {file = "mypy-1.15.0-cp313-cp313-manylinux_2_17_x86_64.manylinux2014_x86_64.manylinux_2_28_x86_64.whl", hash = "sha256:c43a7682e24b4f576d93072216bf56eeff70d9140241f9edec0c104d0c515036"},
    {file = "mypy-1.15.0-cp313-cp313-musllinux_1_2_x86_64.whl", hash = "sha256:baefc32840a9f00babd83251560e0ae1573e2f9d1b067719479bfb0e987c6357"},
    {file = "mypy-1.15.0-cp313-cp313-win_amd64.whl", hash = "sha256:b9378e2c00146c44793c98b8d5a61039a048e31f429fb0eb546d93f4b000bedf"},
    {file = "mypy-1.15.0-cp39-cp39-macosx_10_9_x86_64.whl", hash = "sha256:e601a7fa172c2131bff456bb3ee08a88360760d0d2f8cbd7a75a65497e2df078"},
    {file = "mypy-1.15.0-cp39-cp39-macosx_11_0_arm64.whl", hash = "sha256:712e962a6357634fef20412699a3655c610110e01cdaa6180acec7fc9f8513ba"},
    {file = "mypy-1.15.0-cp39-cp39-manylinux_2_17_aarch64.manylinux2014_aarch64.manylinux_2_28_aarch64.whl", hash = "sha256:f95579473af29ab73a10bada2f9722856792a36ec5af5399b653aa28360290a5"},
    {file = "mypy-1.15.0-cp39-cp39-manylinux_2_17_x86_64.manylinux2014_x86_64.manylinux_2_28_x86_64.whl", hash = "sha256:8f8722560a14cde92fdb1e31597760dc35f9f5524cce17836c0d22841830fd5b"},
    {file = "mypy-1.15.0-cp39-cp39-musllinux_1_2_x86_64.whl", hash = "sha256:1fbb8da62dc352133d7d7ca90ed2fb0e9d42bb1a32724c287d3c76c58cbaa9c2"},
    {file = "mypy-1.15.0-cp39-cp39-win_amd64.whl", hash = "sha256:d10d994b41fb3497719bbf866f227b3489048ea4bbbb5015357db306249f7980"},
    {file = "mypy-1.15.0-py3-none-any.whl", hash = "sha256:5469affef548bd1895d86d3bf10ce2b44e33d86923c29e4d675b3e323437ea3e"},
    {file = "mypy-1.15.0.tar.gz", hash = "sha256:404534629d51d3efea5c800ee7c42b72a6554d6c400e6a79eafe15d11341fd43"},
]

[package.dependencies]
mypy_extensions = ">=1.0.0"
typing_extensions = ">=4.6.0"

[package.extras]
dmypy = ["psutil (>=4.0)"]
faster-cache = ["orjson"]
install-types = ["pip"]
mypyc = ["setuptools (>=50)"]
reports = ["lxml"]

[[package]]
name = "mypy-extensions"
version = "1.0.0"
description = "Type system extensions for programs checked with the mypy type checker."
optional = false
python-versions = ">=3.5"
files = [
    {file = "mypy_extensions-1.0.0-py3-none-any.whl", hash = "sha256:4392f6c0eb8a5668a69e23d168ffa70f0be9ccfd32b5cc2d26a34ae5b844552d"},
    {file = "mypy_extensions-1.0.0.tar.gz", hash = "sha256:75dbf8955dc00442a438fc4d0666508a9a97b6bd41aa2f0ffe9d2f2725af0782"},
]

[[package]]
name = "packaging"
version = "24.2"
description = "Core utilities for Python packages"
optional = false
python-versions = ">=3.8"
files = [
    {file = "packaging-24.2-py3-none-any.whl", hash = "sha256:09abb1bccd265c01f4a3aa3f7a7db064b36514d2cba19a2f694fe6150451a759"},
    {file = "packaging-24.2.tar.gz", hash = "sha256:c228a6dc5e932d346bc5739379109d49e8853dd8223571c7c5b55260edc0b97f"},
]

[[package]]
name = "pluggy"
version = "1.5.0"
description = "plugin and hook calling mechanisms for python"
optional = false
python-versions = ">=3.8"
files = [
    {file = "pluggy-1.5.0-py3-none-any.whl", hash = "sha256:44e1ad92c8ca002de6377e165f3e0f1be63266ab4d554740532335b9d75ea669"},
    {file = "pluggy-1.5.0.tar.gz", hash = "sha256:2cffa88e94fdc978c4c574f15f9e59b7f4201d439195c3715ca9e2486f1d0cf1"},
]

[package.extras]
dev = ["pre-commit", "tox"]
testing = ["pytest", "pytest-benchmark"]

[[package]]
name = "pyqt5"
version = "5.15.9"
description = "Python bindings for the Qt cross platform application toolkit"
optional = false
python-versions = ">=3.7"
files = [
    {file = "PyQt5-5.15.9-cp37-abi3-macosx_10_13_x86_64.whl", hash = "sha256:883ba5c8a348be78c8be6a3d3ba014c798e679503bce00d76c666c2dc6afe828"},
    {file = "PyQt5-5.15.9-cp37-abi3-manylinux_2_17_x86_64.whl", hash = "sha256:dd5ce10e79fbf1df29507d2daf99270f2057cdd25e4de6fbf2052b46c652e3a5"},
    {file = "PyQt5-5.15.9-cp37-abi3-win32.whl", hash = "sha256:e45c5cc15d4fd26ab5cb0e5cdba60691a3e9086411f8e3662db07a5a4222a696"},
    {file = "PyQt5-5.15.9-cp37-abi3-win_amd64.whl", hash = "sha256:e030d795df4cbbfcf4f38b18e2e119bcc9e177ef658a5094b87bb16cac0ce4c5"},
    {file = "PyQt5-5.15.9.tar.gz", hash = "sha256:dc41e8401a90dc3e2b692b411bd5492ab559ae27a27424eed4bd3915564ec4c0"},
]

[package.dependencies]
PyQt5-Qt5 = ">=5.15.2"
PyQt5-sip = ">=12.11,<13"

[[package]]
name = "pyqt5-qt5"
version = "5.15.2"
description = "The subset of a Qt installation needed by PyQt5."
optional = false
python-versions = "*"
files = [
    {file = "PyQt5_Qt5-5.15.2-py3-none-macosx_10_13_intel.whl", hash = "sha256:76980cd3d7ae87e3c7a33bfebfaee84448fd650bad6840471d6cae199b56e154"},
    {file = "PyQt5_Qt5-5.15.2-py3-none-manylinux2014_x86_64.whl", hash = "sha256:1988f364ec8caf87a6ee5d5a3a5210d57539988bf8e84714c7d60972692e2f4a"},
    {file = "PyQt5_Qt5-5.15.2-py3-none-win32.whl", hash = "sha256:9cc7a768b1921f4b982ebc00a318ccb38578e44e45316c7a4a850e953e1dd327"},
    {file = "PyQt5_Qt5-5.15.2-py3-none-win_amd64.whl", hash = "sha256:750b78e4dba6bdf1607febedc08738e318ea09e9b10aea9ff0d73073f11f6962"},
]

[[package]]
name = "pyqt5-sip"
version = "12.11.0"
description = "The sip module support for PyQt5"
optional = false
python-versions = ">=3.7"
files = [
    {file = "PyQt5_sip-12.11.0-cp310-cp310-macosx_10_9_universal2.whl", hash = "sha256:f1f9e312ff8284d6dfebc5366f6f7d103f84eec23a4da0be0482403933e68660"},
    {file = "PyQt5_sip-12.11.0-cp310-cp310-manylinux1_x86_64.whl", hash = "sha256:4031547dfb679be309094bfa79254f5badc5ddbe66b9ad38e319d84a7d612443"},
    {file = "PyQt5_sip-12.11.0-cp310-cp310-win32.whl", hash = "sha256:ad21ca0ee8cae2a41b61fc04949dccfab6fe008749627d94e8c7078cb7a73af1"},
    {file = "PyQt5_sip-12.11.0-cp310-cp310-win_amd64.whl", hash = "sha256:3126c84568ab341c12e46ded2230f62a9a78752a70fdab13713f89a71cd44f73"},
    {file = "PyQt5_sip-12.11.0-cp311-cp311-macosx_10_9_universal2.whl", hash = "sha256:bd733667098cac70e89279d9c239106d543fb480def62a44e6366ccb8f68510b"},
    {file = "PyQt5_sip-12.11.0-cp311-cp311-manylinux_2_5_x86_64.manylinux1_x86_64.whl", hash = "sha256:ec1d8ce50be76c5c1d1c86c6dc0ccacc2446172dde98b663a17871f532f9bd44"},
    {file = "PyQt5_sip-12.11.0-cp311-cp311-win32.whl", hash = "sha256:43dfe6dd409e713edeb67019b85419a7a0dc9923bfc451d6cf3778471c122532"},
    {file = "PyQt5_sip-12.11.0-cp311-cp311-win_amd64.whl", hash = "sha256:afa4ffffc54e306669bf2b66ea37abbc56c5cdda4f3f474d20324e3634302b12"},
    {file = "PyQt5_sip-12.11.0-cp37-cp37m-macosx_10_9_x86_64.whl", hash = "sha256:0f77655c62ec91d47c2c99143f248624d44dd2d8a12d016e7c020508ad418aca"},
    {file = "PyQt5_sip-12.11.0-cp37-cp37m-manylinux1_x86_64.whl", hash = "sha256:ec5e9ef78852e1f96f86d7e15c9215878422b83dde36d44f1539a3062942f19c"},
    {file = "PyQt5_sip-12.11.0-cp37-cp37m-win32.whl", hash = "sha256:d12b81c3a08abf7657a2ebc7d3649852a1f327eb2146ebadf45930486d32e920"},
    {file = "PyQt5_sip-12.11.0-cp37-cp37m-win_amd64.whl", hash = "sha256:b69a1911f768b489846335e31e49eb34795c6b5a038ca24d894d751e3b0b44da"},
    {file = "PyQt5_sip-12.11.0-cp38-cp38-macosx_10_9_x86_64.whl", hash = "sha256:51e377789d59196213eddf458e6927f33ba9d217b614d17d20df16c9a8b2c41c"},
    {file = "PyQt5_sip-12.11.0-cp38-cp38-manylinux1_x86_64.whl", hash = "sha256:4e5c1559311515291ea0ab0635529f14536954e3b973a7c7890ab7e4de1c2c23"},
    {file = "PyQt5_sip-12.11.0-cp38-cp38-win32.whl", hash = "sha256:9bca450c5306890cb002fe36bbca18f979dd9e5b810b766dce8e3ce5e66ba795"},
    {file = "PyQt5_sip-12.11.0-cp38-cp38-win_amd64.whl", hash = "sha256:f6b72035da4e8fecbb0bc4a972e30a5674a9ad5608dbddaa517e983782dbf3bf"},
    {file = "PyQt5_sip-12.11.0-cp39-cp39-macosx_10_9_universal2.whl", hash = "sha256:9356260d4feb60dbac0ab66f8a791a0d2cda1bf98c9dec8e575904a045fbf7c5"},
    {file = "PyQt5_sip-12.11.0-cp39-cp39-manylinux1_x86_64.whl", hash = "sha256:205f3e1b3eea3597d8e878936c1a06e04bd23a59e8b179ee806465d72eea3071"},
    {file = "PyQt5_sip-12.11.0-cp39-cp39-win32.whl", hash = "sha256:686071be054e5be6ca5aaaef7960931d4ba917277e839e2e978c7cbe3f43bb6e"},
    {file = "PyQt5_sip-12.11.0-cp39-cp39-win_amd64.whl", hash = "sha256:42320e7a94b1085ed85d49794ed4ccfe86f1cae80b44a894db908a8aba2bc60e"},
    {file = "PyQt5_sip-12.11.0.tar.gz", hash = "sha256:b4710fd85b57edef716cc55fae45bfd5bfac6fc7ba91036f1dcc3f331ca0eb39"},
]

[[package]]
name = "pysequoia"
version = "0.1.25"
description = "Provides OpenPGP facilities using Sequoia-PGP library"
optional = false
python-versions = ">=3.7"
files = [
    {file = "pysequoia-0.1.25-cp310-cp310-manylinux_2_17_aarch64.manylinux2014_aarch64.whl", hash = "sha256:6bef783c4f5540be1c9c382d5dd36c4f8cc8b12387e9a0d055fd776362222689"},
    {file = "pysequoia-0.1.25-cp310-cp310-manylinux_2_17_armv7l.manylinux2014_armv7l.whl", hash = "sha256:7a68365134fd55452cc00108eea82c241d5650dfd860651d93feac195d6cc7f6"},
    {file = "pysequoia-0.1.25-cp310-cp310-manylinux_2_17_ppc64le.manylinux2014_ppc64le.whl", hash = "sha256:5cfd38e0eaaa4128d1ddab652fcdf63541bc04dbda1573b322aef082f8cdaab0"},
    {file = "pysequoia-0.1.25-cp310-cp310-manylinux_2_17_s390x.manylinux2014_s390x.whl", hash = "sha256:bc014c932c8d94284c35ada3712967f6ad3f627ec90aa6df7f6298313ad9fa58"},
    {file = "pysequoia-0.1.25-cp310-cp310-manylinux_2_17_x86_64.manylinux2014_x86_64.whl", hash = "sha256:ec174c6b5517599e3fe88c10a0140b45fa8044f8fe6f0b8972dd3f72a9e43397"},
    {file = "pysequoia-0.1.25-cp310-cp310-manylinux_2_5_i686.manylinux1_i686.whl", hash = "sha256:29519c3cb6871949bfb5813865ada50f2d67ec3e9279395963865e64f62640b2"},
    {file = "pysequoia-0.1.25-cp310-cp310-musllinux_1_2_aarch64.whl", hash = "sha256:38d2d34719ed8bf731fc0911261240016c6484d898140f192ea466dbb47c8ff0"},
    {file = "pysequoia-0.1.25-cp310-cp310-musllinux_1_2_armv7l.whl", hash = "sha256:ad4c82e495c6b33f6dc9f793472f135d797ce81a4918958bbb43663b9eb8d07b"},
    {file = "pysequoia-0.1.25-cp310-cp310-musllinux_1_2_i686.whl", hash = "sha256:b1f1308ff87a62a0b50f1ec8c713140fdcfe10ca0abc93eb4860456e01bffd22"},
    {file = "pysequoia-0.1.25-cp310-cp310-musllinux_1_2_x86_64.whl", hash = "sha256:0f2b594e83215bddb5a9a3b5bf5a459a657739148c4d1a6dc5e126bb4758cc21"},
    {file = "pysequoia-0.1.25-cp310-cp310-win32.whl", hash = "sha256:eee3b86a971d7ca5a5d74cabe9aaddfb5bbbd4ab1ed52c3f319f7146624e317a"},
    {file = "pysequoia-0.1.25-cp310-cp310-win_amd64.whl", hash = "sha256:88d2216cba34b7b203d2ec3eeb968c33d57bc50eadd8e537c319c33d7ee76044"},
    {file = "pysequoia-0.1.25-cp311-cp311-macosx_10_12_x86_64.whl", hash = "sha256:6204ca8f591443b2a962e507e52c770bbd7a603ba9458f8d3882ac5b9f54af28"},
    {file = "pysequoia-0.1.25-cp311-cp311-macosx_11_0_arm64.whl", hash = "sha256:6ab88ca3dcba9fd64d3e15c0ddf53280b7fc00ed6ab6403cdfdd7b82a4102da4"},
    {file = "pysequoia-0.1.25-cp311-cp311-manylinux_2_17_aarch64.manylinux2014_aarch64.whl", hash = "sha256:2fa0b6e7efe40e64c666fc61dd0ef5f2761e048588e0188e11a76a7de976e06b"},
    {file = "pysequoia-0.1.25-cp311-cp311-manylinux_2_17_armv7l.manylinux2014_armv7l.whl", hash = "sha256:3dfa4ecd93f4d690f0f1517ab95243565999ca53f0f84ae70a676ff8e5afffd0"},
    {file = "pysequoia-0.1.25-cp311-cp311-manylinux_2_17_ppc64le.manylinux2014_ppc64le.whl", hash = "sha256:56557162a1b5a20a71bcb6df9246660e27d325e143b1ee801a9a8f452ea9bca8"},
    {file = "pysequoia-0.1.25-cp311-cp311-manylinux_2_17_s390x.manylinux2014_s390x.whl", hash = "sha256:2e4faae59ee768f883325a4abedd75794bdcc2ee94f119a6f43fe468a2743ed3"},
    {file = "pysequoia-0.1.25-cp311-cp311-manylinux_2_17_x86_64.manylinux2014_x86_64.whl", hash = "sha256:728822e8896f163128be94ad7dcb912047d166cc3b7ad04749d866774b937503"},
    {file = "pysequoia-0.1.25-cp311-cp311-manylinux_2_5_i686.manylinux1_i686.whl", hash = "sha256:01133210ce7b9efb3180a9d5fe5cbd53c90308ba134caf56cddfe5d8bfd8ed55"},
    {file = "pysequoia-0.1.25-cp311-cp311-musllinux_1_2_aarch64.whl", hash = "sha256:1a74a3c33e5789cc6fe0898d5181a857b1a719ed61baca7d8645d13508731ec5"},
    {file = "pysequoia-0.1.25-cp311-cp311-musllinux_1_2_armv7l.whl", hash = "sha256:db2eb9093734a6fa3f40a50f787ae64cdbf8da0d938e431978073d9b851421a2"},
    {file = "pysequoia-0.1.25-cp311-cp311-musllinux_1_2_i686.whl", hash = "sha256:cd49a358d7272d3792824a6aeab49594eca03cdfa22989c245813b291745757b"},
    {file = "pysequoia-0.1.25-cp311-cp311-musllinux_1_2_x86_64.whl", hash = "sha256:614f2a2cfe7c1b3da58e36be3bdb1a4b90200d0613462145b39e6237ca3335e8"},
    {file = "pysequoia-0.1.25-cp311-cp311-win32.whl", hash = "sha256:62c7a148d8e558a156b9ea259ce218fd8a59df3cafa7175359aac31e3c31f475"},
    {file = "pysequoia-0.1.25-cp311-cp311-win_amd64.whl", hash = "sha256:a2d0b91516a008c138ac6cc5bd60a74194721e5b1714198097f963102fb5b836"},
    {file = "pysequoia-0.1.25-cp312-cp312-macosx_10_12_x86_64.whl", hash = "sha256:f61ac90cac32d1724d2c2e42579ddf21ca32cc208afa4fd1cb5c34c3be58fb96"},
    {file = "pysequoia-0.1.25-cp312-cp312-macosx_11_0_arm64.whl", hash = "sha256:b544630a8933a23841d0bbdf592b6869e778d136bfdb5a2f9ac7523ea8e78108"},
    {file = "pysequoia-0.1.25-cp312-cp312-manylinux_2_17_aarch64.manylinux2014_aarch64.whl", hash = "sha256:8c4a0a03e86a4c2cba1d7495d6be893f2eb2a95c7d6018bf7af7b8b4d5adf7bb"},
    {file = "pysequoia-0.1.25-cp312-cp312-manylinux_2_17_armv7l.manylinux2014_armv7l.whl", hash = "sha256:1ea3c9e72a3da28cd410ec39cec1de71753a483fbc69e0207a7a67ad99a83aac"},
    {file = "pysequoia-0.1.25-cp312-cp312-manylinux_2_17_ppc64le.manylinux2014_ppc64le.whl", hash = "sha256:fee99f73e5fbb6c07911dfc8efd80b3d09b36fa958e9d15c073c844fb185e8e7"},
    {file = "pysequoia-0.1.25-cp312-cp312-manylinux_2_17_s390x.manylinux2014_s390x.whl", hash = "sha256:a18c4be119df5713f04f90f065f31f693688407f07779dafe2e9a3d216a552af"},
    {file = "pysequoia-0.1.25-cp312-cp312-manylinux_2_17_x86_64.manylinux2014_x86_64.whl", hash = "sha256:cc7192553f77f4b0219bf6acc4f7ab1997d04bb458a2dd1a376d4b2710175a77"},
    {file = "pysequoia-0.1.25-cp312-cp312-manylinux_2_5_i686.manylinux1_i686.whl", hash = "sha256:d6cba0c5ae7cef1bf17bc6a60a3b571487b950980bd5826ce4695419884ff374"},
    {file = "pysequoia-0.1.25-cp312-cp312-musllinux_1_2_aarch64.whl", hash = "sha256:b1b65585d91cb2789450955168172f7d86b0e7df39667951dd90fe9c4e0b9958"},
    {file = "pysequoia-0.1.25-cp312-cp312-musllinux_1_2_armv7l.whl", hash = "sha256:5027500300866bfb738f09022810ea2d9db79345e59b9309fc3bfa67a1f7e03e"},
    {file = "pysequoia-0.1.25-cp312-cp312-musllinux_1_2_i686.whl", hash = "sha256:0608bab602b9ee0a8c62a1871e2e3a243c01b872123aa088c89a8ec1aa358da1"},
    {file = "pysequoia-0.1.25-cp312-cp312-musllinux_1_2_x86_64.whl", hash = "sha256:02cc4c6f145cd4939cc0ab82c6b5049ad3a73da56deeaff7df0f6baf2355c5d7"},
    {file = "pysequoia-0.1.25-cp312-cp312-win32.whl", hash = "sha256:e288a61143a320df38776a76430b4dc89799bc34dfc6e3344a1d05da488846d8"},
    {file = "pysequoia-0.1.25-cp312-cp312-win_amd64.whl", hash = "sha256:e580df62d876a7fb3597ac63d8d32a73c8d976b5b3e87f6dcfdaeb5752cad67b"},
    {file = "pysequoia-0.1.25-cp313-cp313-macosx_10_12_x86_64.whl", hash = "sha256:d7314f5fdb80d4ec4a62430802872d3942eee6e34d33f8aecb85f754af311dfa"},
    {file = "pysequoia-0.1.25-cp313-cp313-macosx_11_0_arm64.whl", hash = "sha256:b15e1acadf9d82159f9731dace7c60ce907b58a8bac667c6be675fd950ae4999"},
    {file = "pysequoia-0.1.25-cp313-cp313-manylinux_2_17_aarch64.manylinux2014_aarch64.whl", hash = "sha256:811cff6dc02a24199240245326fc6856de879a786b257a58a738fb0ffb38591c"},
    {file = "pysequoia-0.1.25-cp313-cp313-manylinux_2_17_armv7l.manylinux2014_armv7l.whl", hash = "sha256:6e23544d25b0cff4e2ad510998f57800dfdec2ebf8af02b7506b6858d4819f41"},
    {file = "pysequoia-0.1.25-cp313-cp313-manylinux_2_17_ppc64le.manylinux2014_ppc64le.whl", hash = "sha256:b1e849ab2895ab904cef06b83ef747b66f7af0835dcaf60904fe229a65d826d3"},
    {file = "pysequoia-0.1.25-cp313-cp313-manylinux_2_17_s390x.manylinux2014_s390x.whl", hash = "sha256:3323c2cff1cbfcfe6d5287545644ebdf249cdbb841ad3258d8e6b088bd6c6d7b"},
    {file = "pysequoia-0.1.25-cp313-cp313-manylinux_2_17_x86_64.manylinux2014_x86_64.whl", hash = "sha256:dbfb73a794b5400447ae1cca509408248c01c773a1cc9482f276818a1f811622"},
    {file = "pysequoia-0.1.25-cp313-cp313-manylinux_2_5_i686.manylinux1_i686.whl", hash = "sha256:8754c15071e165c085485835eee3b7a16dd41d2d67f950962377d2f7b2c0c143"},
    {file = "pysequoia-0.1.25-cp313-cp313-musllinux_1_2_aarch64.whl", hash = "sha256:7a13cdcc9ec8c59811f6a7ab8ee899a0dd1a4f8d05a1e30f2559738967cc3fe3"},
    {file = "pysequoia-0.1.25-cp313-cp313-musllinux_1_2_armv7l.whl", hash = "sha256:67af14fb64d8ef35a0d8ef3d4217dfa178d5e09ff911f9d6ceab097f753ece0a"},
    {file = "pysequoia-0.1.25-cp313-cp313-musllinux_1_2_i686.whl", hash = "sha256:2fbd693fe46f7728ffd2597b5663a98e128aed25d4345b3fe251632ad8339f5d"},
    {file = "pysequoia-0.1.25-cp313-cp313-musllinux_1_2_x86_64.whl", hash = "sha256:cb5817bf303573fae60f4748a013d14af03965c25c6fe6a1c4ae5d36da05059e"},
    {file = "pysequoia-0.1.25-cp313-cp313t-manylinux_2_17_aarch64.manylinux2014_aarch64.whl", hash = "sha256:8f29190bc53166b3990366162ee44f1d6e72bf5e671cf99156f1fd408660bdee"},
    {file = "pysequoia-0.1.25-cp313-cp313t-manylinux_2_17_armv7l.manylinux2014_armv7l.whl", hash = "sha256:074a859fa2bc5f03a2996b2f2379ef057b98057adfc15f77b9ec04c9ba9077f5"},
    {file = "pysequoia-0.1.25-cp313-cp313t-manylinux_2_17_ppc64le.manylinux2014_ppc64le.whl", hash = "sha256:df62d09ab47066457bbeb470fdccb9ecebc2bb12961fb2ea9943c2c946f18956"},
    {file = "pysequoia-0.1.25-cp313-cp313t-manylinux_2_17_s390x.manylinux2014_s390x.whl", hash = "sha256:bd9a5cccbf18d8736269a7601eb40b98f738669eb763491716e6b9555df7815e"},
    {file = "pysequoia-0.1.25-cp313-cp313t-musllinux_1_2_aarch64.whl", hash = "sha256:b7235d09d06b34a9c7cb507b19bdb9bc965a246e6645486e625d8277580b0270"},
    {file = "pysequoia-0.1.25-cp313-cp313t-musllinux_1_2_armv7l.whl", hash = "sha256:cd2a8504759a370947fcce3a45a28adce6fc6fb643f55a313a81ee496904f3ad"},
    {file = "pysequoia-0.1.25-cp313-cp313t-musllinux_1_2_i686.whl", hash = "sha256:db9cda0262fed25ec9887b8e90c48a5d25d129574ef83e5150bd75e24921f757"},
    {file = "pysequoia-0.1.25-cp313-cp313t-musllinux_1_2_x86_64.whl", hash = "sha256:38ed0dc865dead1b81b651851f0026d735ad7787dbbad05061c62b08c8d1d877"},
    {file = "pysequoia-0.1.25-cp37-cp37m-manylinux_2_17_aarch64.manylinux2014_aarch64.whl", hash = "sha256:b41bf28e4337d8959e0b377847d705559356749fe1049e01168135422a0141a1"},
    {file = "pysequoia-0.1.25-cp37-cp37m-manylinux_2_17_armv7l.manylinux2014_armv7l.whl", hash = "sha256:a4c993d05611ecfc628f836640c1c7dbdc06692b12c499873f88911680aa8279"},
    {file = "pysequoia-0.1.25-cp37-cp37m-manylinux_2_17_ppc64le.manylinux2014_ppc64le.whl", hash = "sha256:157b91a47eb23006daa959fb4f9e4ff108c5fa11fe634f7f3d5c80407dc80a90"},
    {file = "pysequoia-0.1.25-cp37-cp37m-manylinux_2_17_s390x.manylinux2014_s390x.whl", hash = "sha256:abdaf613741abda8e62f98236615b7b602442855b775b14d6e9478fb06cad1fa"},
    {file = "pysequoia-0.1.25-cp37-cp37m-manylinux_2_17_x86_64.manylinux2014_x86_64.whl", hash = "sha256:eae457d7547cb2bd36a85c8a37781687db7351386825b0404f187a2527fa8b47"},
    {file = "pysequoia-0.1.25-cp37-cp37m-manylinux_2_5_i686.manylinux1_i686.whl", hash = "sha256:b8449bf1e21f7bde90ddfe3496a047aed1a682586eaaf2048c21a19293a1a670"},
    {file = "pysequoia-0.1.25-cp37-cp37m-musllinux_1_2_aarch64.whl", hash = "sha256:cf5b888a422a0e795e50a37470a6016923051e6ae2cea6ce5c2d7a961bc2720c"},
    {file = "pysequoia-0.1.25-cp37-cp37m-musllinux_1_2_armv7l.whl", hash = "sha256:5f39912d52d4e58c8915ff0b9f5a4990c8c80f30ab0a13e3ebf78bd7b0ba2371"},
    {file = "pysequoia-0.1.25-cp37-cp37m-musllinux_1_2_i686.whl", hash = "sha256:bf31bef5e4880e5882ee703566d53253be16717836a4432f91abe373acdf5011"},
    {file = "pysequoia-0.1.25-cp37-cp37m-musllinux_1_2_x86_64.whl", hash = "sha256:3a74374e7d80fd34fb153252844a6cedd375436fd74295bb1659e95825cc744c"},
    {file = "pysequoia-0.1.25-cp37-cp37m-win32.whl", hash = "sha256:0485bccc37616a816f11824a323e76178fa790cee6973c7b2a4cd959ecc4e189"},
    {file = "pysequoia-0.1.25-cp37-cp37m-win_amd64.whl", hash = "sha256:4cc16e059964b9a89cc1c0f0b766b62451698cf67d50cc3de4c14f691a80b0c3"},
    {file = "pysequoia-0.1.25-cp38-cp38-manylinux_2_17_aarch64.manylinux2014_aarch64.whl", hash = "sha256:078c5da43391d16cad13ce9db53bbcece000d71fb8383478800c2b953b705ab3"},
    {file = "pysequoia-0.1.25-cp38-cp38-manylinux_2_17_armv7l.manylinux2014_armv7l.whl", hash = "sha256:5f8569f382995d5803289312d39d7ee66ddda540bfb1f3293a869e5b8807cc5d"},
    {file = "pysequoia-0.1.25-cp38-cp38-manylinux_2_17_ppc64le.manylinux2014_ppc64le.whl", hash = "sha256:4ee817837e813a581c53c8aa52674c7b88054e22b171981e291725106fc16c06"},
    {file = "pysequoia-0.1.25-cp38-cp38-manylinux_2_17_s390x.manylinux2014_s390x.whl", hash = "sha256:980a72394e944488ae4968a13afa322fab892ff73d77f89724c244f036f6c60b"},
    {file = "pysequoia-0.1.25-cp38-cp38-manylinux_2_17_x86_64.manylinux2014_x86_64.whl", hash = "sha256:fbe2d6379531dff03e0704bd6298c0f19b35fbfe150e1bc93bcc7a476b30a82a"},
    {file = "pysequoia-0.1.25-cp38-cp38-manylinux_2_5_i686.manylinux1_i686.whl", hash = "sha256:7c1ef160e2ce953f2ea3d9ede79fd3f294942a94d4783da7928a5dbeb13bca9f"},
    {file = "pysequoia-0.1.25-cp38-cp38-musllinux_1_2_aarch64.whl", hash = "sha256:90ec31c57cfa5949952f0d848aa93f2fc1847c65c7f8840c90cf1dc3a011f37d"},
    {file = "pysequoia-0.1.25-cp38-cp38-musllinux_1_2_armv7l.whl", hash = "sha256:1516fdcc362583d0084bba260404033bf6a045cba9a2d6f968de54979560ea1b"},
    {file = "pysequoia-0.1.25-cp38-cp38-musllinux_1_2_i686.whl", hash = "sha256:cb322622c37451ed03acf346f36f491857cf01a9a9ab70ade3b036f49a0ceb40"},
    {file = "pysequoia-0.1.25-cp38-cp38-musllinux_1_2_x86_64.whl", hash = "sha256:f9a1b229d0ffbb3488bc0bc0c5bce3d832794b0bde3870f5b0555567e724a714"},
    {file = "pysequoia-0.1.25-cp38-cp38-win32.whl", hash = "sha256:a454d1b7754dda34eee55cfd3df9d6ef375790d4eda39ff35e3f72d23b4fe37f"},
    {file = "pysequoia-0.1.25-cp38-cp38-win_amd64.whl", hash = "sha256:cb79e87711036b48826e1c2de2bf637c02450f4b7ba7ba74af26ef165abffe31"},
    {file = "pysequoia-0.1.25-cp39-cp39-manylinux_2_17_aarch64.manylinux2014_aarch64.whl", hash = "sha256:ac201e054b65eaeac94d45f8e29c2ccb65d9bfccf395219751e17f6dc7709639"},
    {file = "pysequoia-0.1.25-cp39-cp39-manylinux_2_17_armv7l.manylinux2014_armv7l.whl", hash = "sha256:5552ef4986a26670a1262b2cedd622de4a47f9bc7366dcc08b0f96f843a2528d"},
    {file = "pysequoia-0.1.25-cp39-cp39-manylinux_2_17_ppc64le.manylinux2014_ppc64le.whl", hash = "sha256:b9a330fcf9e0c3e977bdf92ec689eda6de4ada1ee2517d8421d06a5c1e3006ac"},
    {file = "pysequoia-0.1.25-cp39-cp39-manylinux_2_17_s390x.manylinux2014_s390x.whl", hash = "sha256:5378d68cf4efbdc3f2ab64adacb08c385f47ac562a57a98f031c9872c6a990da"},
    {file = "pysequoia-0.1.25-cp39-cp39-manylinux_2_17_x86_64.manylinux2014_x86_64.whl", hash = "sha256:099763af9d00802e36ae32de554d70582fa9de7ca4aaee351f9e04e26f61443d"},
    {file = "pysequoia-0.1.25-cp39-cp39-manylinux_2_5_i686.manylinux1_i686.whl", hash = "sha256:35de7e37e39a180651b1d0591525a38cd333899b3069dec954e0070d11f61abc"},
    {file = "pysequoia-0.1.25-cp39-cp39-musllinux_1_2_aarch64.whl", hash = "sha256:4731d25c9efa62488bb0a420f38cce79a6ada0b1ad953593df4b6b6bb48f166f"},
    {file = "pysequoia-0.1.25-cp39-cp39-musllinux_1_2_armv7l.whl", hash = "sha256:93979965110cf8df242514c680d9157953e800325c9c1e6946c0fb6f037b2ab1"},
    {file = "pysequoia-0.1.25-cp39-cp39-musllinux_1_2_i686.whl", hash = "sha256:cdad786a543fdbd2cafd48b67b1f03bba29a7d227e7151c489d5b4442956dbf8"},
    {file = "pysequoia-0.1.25-cp39-cp39-musllinux_1_2_x86_64.whl", hash = "sha256:62bdbe096b88790e6f72c10b2ca656e8429d872b3db87d644c014c20a8ffa368"},
    {file = "pysequoia-0.1.25-cp39-cp39-win32.whl", hash = "sha256:395372e5983d373155cb14ef10983ca3a44db1d4ccf4966521146771c564adb2"},
    {file = "pysequoia-0.1.25-cp39-cp39-win_amd64.whl", hash = "sha256:76b91a9638608545740789a2604c13e7789629d043c8c8312d99d614ff960cf6"},
    {file = "pysequoia-0.1.25-pp310-pypy310_pp73-manylinux_2_17_aarch64.manylinux2014_aarch64.whl", hash = "sha256:2245aa05be3be951bc7df82aba6c18f3cb3409b07120581ac99fac5d1b52b564"},
    {file = "pysequoia-0.1.25-pp310-pypy310_pp73-manylinux_2_17_armv7l.manylinux2014_armv7l.whl", hash = "sha256:878048c9f2f0808acfb1b41d316e31f7b468c3f5fca4fc3d20ce01b3f7848b3b"},
    {file = "pysequoia-0.1.25-pp310-pypy310_pp73-manylinux_2_17_ppc64le.manylinux2014_ppc64le.whl", hash = "sha256:a8ec6a1d304fe0867a98d4c90a7776d399dd73e2465e516c64d80e4a0975ab0b"},
    {file = "pysequoia-0.1.25-pp310-pypy310_pp73-manylinux_2_17_s390x.manylinux2014_s390x.whl", hash = "sha256:1e68e86b730e43c1f7748749a754408aa3f334c721905d6f80c926d8bea76c77"},
    {file = "pysequoia-0.1.25-pp310-pypy310_pp73-manylinux_2_17_x86_64.manylinux2014_x86_64.whl", hash = "sha256:e4eeddf074f24a27402f69707d36c13fd8bab3062aa724c14084015189ffe942"},
    {file = "pysequoia-0.1.25-pp310-pypy310_pp73-manylinux_2_5_i686.manylinux1_i686.whl", hash = "sha256:f01861e3d309f95b0615fe370d067e4e8aad86b8a5cd3ef6e52186b53618541f"},
    {file = "pysequoia-0.1.25-pp310-pypy310_pp73-musllinux_1_2_aarch64.whl", hash = "sha256:654e6d22ba6172d91169709d185492b325b5ae8ab2f6f6d7eccc16099b9c3338"},
    {file = "pysequoia-0.1.25-pp310-pypy310_pp73-musllinux_1_2_armv7l.whl", hash = "sha256:02afd1fad639ad88c5557ab8d642eee4e71b0ff65e9043ee74b6d06a625bd7a0"},
    {file = "pysequoia-0.1.25-pp310-pypy310_pp73-musllinux_1_2_i686.whl", hash = "sha256:5028ad3cefd0807772d754fd80b9153d7395c371188469a3fc23072a54f70559"},
    {file = "pysequoia-0.1.25-pp310-pypy310_pp73-musllinux_1_2_x86_64.whl", hash = "sha256:68596f4f320a41cc9096185c27b94d2562577d06fe548ff0e2314420d335786e"},
    {file = "pysequoia-0.1.25-pp39-pypy39_pp73-manylinux_2_17_aarch64.manylinux2014_aarch64.whl", hash = "sha256:943a2427c87ff6196da26f45e7f709d8d550be6364a369b06e9cfab90f78dda8"},
    {file = "pysequoia-0.1.25-pp39-pypy39_pp73-manylinux_2_17_armv7l.manylinux2014_armv7l.whl", hash = "sha256:f794f466b298fac68d6427310abac803eae8685cad6c99eca5ac043ce14f1225"},
    {file = "pysequoia-0.1.25-pp39-pypy39_pp73-manylinux_2_17_ppc64le.manylinux2014_ppc64le.whl", hash = "sha256:dd98596f2db8ebef4dc68b03bbbd8afa1e496370d9acecf617fa29fd8ef69775"},
    {file = "pysequoia-0.1.25-pp39-pypy39_pp73-manylinux_2_17_s390x.manylinux2014_s390x.whl", hash = "sha256:ad83da897c7a639df5004125521598e9f56963c10e1cf256438162ad53a78783"},
    {file = "pysequoia-0.1.25-pp39-pypy39_pp73-musllinux_1_2_aarch64.whl", hash = "sha256:f916326e4e44b2ce474edc47ad3872621ab6da6df46f9eb8235f104a195e5772"},
    {file = "pysequoia-0.1.25-pp39-pypy39_pp73-musllinux_1_2_armv7l.whl", hash = "sha256:060cf915e249a10f9bdf0e24f5c1b32bb6dd00d0f55325bb4d9cc0bb1d77448f"},
    {file = "pysequoia-0.1.25-pp39-pypy39_pp73-musllinux_1_2_i686.whl", hash = "sha256:5f69843de3ce36b978db6dd245630c62a67608336f77f7b9b1fd50a814b9ba31"},
    {file = "pysequoia-0.1.25-pp39-pypy39_pp73-musllinux_1_2_x86_64.whl", hash = "sha256:1db3fd4234666e9064b94d4b44305eba26122350f49f053eb5e29953ca1caab4"},
    {file = "pysequoia-0.1.25.tar.gz", hash = "sha256:220a622849cde964c033ef80c7c3ccdd1d3414276ec75e998492e560c8300671"},
]

[[package]]
name = "pytest"
version = "8.3.5"
description = "pytest: simple powerful testing with Python"
optional = false
python-versions = ">=3.8"
files = [
    {file = "pytest-8.3.5-py3-none-any.whl", hash = "sha256:c69214aa47deac29fad6c2a4f590b9c4a9fdb16a403176fe154b79c0b4d4d820"},
    {file = "pytest-8.3.5.tar.gz", hash = "sha256:f4efe70cc14e511565ac476b57c279e12a855b11f48f212af1080ef2263d3845"},
]

[package.dependencies]
colorama = {version = "*", markers = "sys_platform == \"win32\""}
iniconfig = "*"
packaging = "*"
pluggy = ">=1.5,<2"

[package.extras]
dev = ["argcomplete", "attrs (>=19.2)", "hypothesis (>=3.56)", "mock", "pygments (>=2.7.2)", "requests", "setuptools", "xmlschema"]

[[package]]
name = "pytest-cov"
version = "6.0.0"
description = "Pytest plugin for measuring coverage."
optional = false
python-versions = ">=3.9"
files = [
    {file = "pytest-cov-6.0.0.tar.gz", hash = "sha256:fde0b595ca248bb8e2d76f020b465f3b107c9632e6a1d1705f17834c89dcadc0"},
    {file = "pytest_cov-6.0.0-py3-none-any.whl", hash = "sha256:eee6f1b9e61008bd34975a4d5bab25801eb31898b032dd55addc93e96fcaaa35"},
]

[package.dependencies]
coverage = {version = ">=7.5", extras = ["toml"]}
pytest = ">=4.6"

[package.extras]
testing = ["fields", "hunter", "process-tests", "pytest-xdist", "virtualenv"]

[[package]]
name = "python-debian"
version = "0.1.49"
description = "Debian package related modules"
optional = false
python-versions = ">=3.5"
files = [
    {file = "python-debian-0.1.49.tar.gz", hash = "sha256:8cf677a30dbcb4be7a99536c17e11308a827a4d22028dc59a67f6c6dd3f0f58c"},
    {file = "python_debian-0.1.49-py3-none-any.whl", hash = "sha256:880f3bc52e31599f2a9b432bd7691844286825087fccdcf2f6ffd5cd79a26f9f"},
]

[package.dependencies]
chardet = "*"

[[package]]
name = "ruff"
version = "0.9.9"
description = "An extremely fast Python linter and code formatter, written in Rust."
optional = false
python-versions = ">=3.7"
files = [
    {file = "ruff-0.9.9-py3-none-linux_armv6l.whl", hash = "sha256:628abb5ea10345e53dff55b167595a159d3e174d6720bf19761f5e467e68d367"},
    {file = "ruff-0.9.9-py3-none-macosx_10_12_x86_64.whl", hash = "sha256:b6cd1428e834b35d7493354723543b28cc11dc14d1ce19b685f6e68e07c05ec7"},
    {file = "ruff-0.9.9-py3-none-macosx_11_0_arm64.whl", hash = "sha256:5ee162652869120ad260670706f3cd36cd3f32b0c651f02b6da142652c54941d"},
    {file = "ruff-0.9.9-py3-none-manylinux_2_17_aarch64.manylinux2014_aarch64.whl", hash = "sha256:3aa0f6b75082c9be1ec5a1db78c6d4b02e2375c3068438241dc19c7c306cc61a"},
    {file = "ruff-0.9.9-py3-none-manylinux_2_17_armv7l.manylinux2014_armv7l.whl", hash = "sha256:584cc66e89fb5f80f84b05133dd677a17cdd86901d6479712c96597a3f28e7fe"},
    {file = "ruff-0.9.9-py3-none-manylinux_2_17_i686.manylinux2014_i686.whl", hash = "sha256:abf3369325761a35aba75cd5c55ba1b5eb17d772f12ab168fbfac54be85cf18c"},
    {file = "ruff-0.9.9-py3-none-manylinux_2_17_ppc64.manylinux2014_ppc64.whl", hash = "sha256:3403a53a32a90ce929aa2f758542aca9234befa133e29f4933dcef28a24317be"},
    {file = "ruff-0.9.9-py3-none-manylinux_2_17_ppc64le.manylinux2014_ppc64le.whl", hash = "sha256:18454e7fa4e4d72cffe28a37cf6a73cb2594f81ec9f4eca31a0aaa9ccdfb1590"},
    {file = "ruff-0.9.9-py3-none-manylinux_2_17_s390x.manylinux2014_s390x.whl", hash = "sha256:0fadfe2c88724c9617339f62319ed40dcdadadf2888d5afb88bf3adee7b35bfb"},
    {file = "ruff-0.9.9-py3-none-manylinux_2_17_x86_64.manylinux2014_x86_64.whl", hash = "sha256:6df104d08c442a1aabcfd254279b8cc1e2cbf41a605aa3e26610ba1ec4acf0b0"},
    {file = "ruff-0.9.9-py3-none-musllinux_1_2_aarch64.whl", hash = "sha256:d7c62939daf5b2a15af48abbd23bea1efdd38c312d6e7c4cedf5a24e03207e17"},
    {file = "ruff-0.9.9-py3-none-musllinux_1_2_armv7l.whl", hash = "sha256:9494ba82a37a4b81b6a798076e4a3251c13243fc37967e998efe4cce58c8a8d1"},
    {file = "ruff-0.9.9-py3-none-musllinux_1_2_i686.whl", hash = "sha256:4efd7a96ed6d36ef011ae798bf794c5501a514be369296c672dab7921087fa57"},
    {file = "ruff-0.9.9-py3-none-musllinux_1_2_x86_64.whl", hash = "sha256:ab90a7944c5a1296f3ecb08d1cbf8c2da34c7e68114b1271a431a3ad30cb660e"},
    {file = "ruff-0.9.9-py3-none-win32.whl", hash = "sha256:6b4c376d929c25ecd6d87e182a230fa4377b8e5125a4ff52d506ee8c087153c1"},
    {file = "ruff-0.9.9-py3-none-win_amd64.whl", hash = "sha256:837982ea24091d4c1700ddb2f63b7070e5baec508e43b01de013dc7eff974ff1"},
    {file = "ruff-0.9.9-py3-none-win_arm64.whl", hash = "sha256:3ac78f127517209fe6d96ab00f3ba97cafe38718b23b1db3e96d8b2d39e37ddf"},
    {file = "ruff-0.9.9.tar.gz", hash = "sha256:0062ed13f22173e85f8f7056f9a24016e692efeea8704d1a5e8011b8aa850933"},
]

[[package]]
name = "types-setuptools"
version = "75.8.2.20250301"
description = "Typing stubs for setuptools"
optional = false
python-versions = ">=3.9"
files = [
    {file = "types_setuptools-75.8.2.20250301-py3-none-any.whl", hash = "sha256:3cc3e751db9e84eddf1e6d4f8c46bef2c77e6c25b0cd096f729ffa57d3d6a83a"},
    {file = "types_setuptools-75.8.2.20250301.tar.gz", hash = "sha256:c900bceebfffc92a4abc3cfd4b3c39ead1a2298a73dae37e6bc09da7baf797a0"},
]

[[package]]
name = "typing-extensions"
version = "4.12.2"
description = "Backported and Experimental Type Hints for Python 3.8+"
optional = false
python-versions = ">=3.8"
files = [
    {file = "typing_extensions-4.12.2-py3-none-any.whl", hash = "sha256:04e5ca0351e0f3f85c6853954072df659d0d13fac324d0072316b67d7794700d"},
    {file = "typing_extensions-4.12.2.tar.gz", hash = "sha256:1a7ead55c7e559dd4dee8856e3a88b41225abfe1ce8df57b7c13915fe121ffb8"},
]

[[package]]
name = "zizmor"
version = "1.4.1"
description = "Static analysis for GitHub Actions"
optional = false
python-versions = ">=3.9"
files = [
    {file = "zizmor-1.4.1-py3-none-macosx_10_12_x86_64.whl", hash = "sha256:fdbcd3a7173a8adc8dc22b834627fb5229568fca15f8b697cc034dd8fa72caae"},
    {file = "zizmor-1.4.1-py3-none-macosx_11_0_arm64.whl", hash = "sha256:d43e3c6b478cb28bafad99cc85c60f4584d8e0196e8bc43e7410182c5c1e9a01"},
    {file = "zizmor-1.4.1-py3-none-manylinux_2_17_armv7l.manylinux2014_armv7l.whl", hash = "sha256:9f8b2f4bf85560a40cf1803b61c46720609c290b8e9776324ad1f9b35c7637a6"},
    {file = "zizmor-1.4.1-py3-none-manylinux_2_17_i686.manylinux2014_i686.whl", hash = "sha256:974a132ee707c4746109df1d8ea7c1442a51f673702a5bf552d026233fe5a520"},
    {file = "zizmor-1.4.1-py3-none-manylinux_2_17_ppc64le.manylinux2014_ppc64le.whl", hash = "sha256:34ed8b103c151845a6f660ae63d15ccaa7b38fa2e63d8cbfcc7d9b1961258385"},
    {file = "zizmor-1.4.1-py3-none-manylinux_2_17_s390x.manylinux2014_s390x.whl", hash = "sha256:194b95ccfd75eb152548d887cbbe60650fae9fcbd91d4724524632fe9fee2e02"},
    {file = "zizmor-1.4.1-py3-none-manylinux_2_17_x86_64.manylinux2014_x86_64.whl", hash = "sha256:4a7c983a2e21fe13fda6dec77a52cb611e2951e7b16872b0bbf7bd173ad8b45e"},
    {file = "zizmor-1.4.1-py3-none-manylinux_2_24_aarch64.whl", hash = "sha256:15b77e55a395f265f6be584e1eaea651f69e686961d13f9e4cb8a20bde92f7a0"},
    {file = "zizmor-1.4.1-py3-none-musllinux_1_2_aarch64.whl", hash = "sha256:3a895f56df7c238df0e67e76a0c3b94f04f87eb3fbd497497e12c6df1a28e183"},
    {file = "zizmor-1.4.1-py3-none-musllinux_1_2_armv7l.whl", hash = "sha256:f814f2e67aad5b22f130e432e499fe1a8fc83809fc7ed1e0e6e4ff16cd0c83ad"},
    {file = "zizmor-1.4.1-py3-none-musllinux_1_2_i686.whl", hash = "sha256:9a82a126597698dbf81afa540760d9bb68e65be9ec4670276923df2adce98dc7"},
    {file = "zizmor-1.4.1-py3-none-musllinux_1_2_x86_64.whl", hash = "sha256:1b4901ffeae6c8cfafe88f5f0dc54cf81dad8f9b20a1c72be2884e3f70080bb8"},
    {file = "zizmor-1.4.1-py3-none-win32.whl", hash = "sha256:f41fd36b42757d8f55f3c1d92068fd10c6f8375b08fd646a9c2adff443c5c7e1"},
    {file = "zizmor-1.4.1-py3-none-win_amd64.whl", hash = "sha256:4547a1fe8b0b608d029b6e30603dc036446fc72f5facb0a4c5c48066d5fba78b"},
    {file = "zizmor-1.4.1.tar.gz", hash = "sha256:6f08181ec2ea8f3d9625e3fa9441b06f3d2c123e6885cc3a32a5c0843726da48"},
]

[metadata]
lock-version = "2.0"
python-versions = "^3.11"
content-hash = "b5ed98829402dde89513bddde8d0cc17f34585ac286b7e2206ce74b9501a91fe"
